// !$*UTF8*$!
{
	archiveVersion = 1;
	classes = {
	};
	objectVersion = 50;
	objects = {

/* Begin PBXAggregateTarget section */
		B31CB1AD20F377AC00FA5532 /* UniversalECHO */ = {
			isa = PBXAggregateTarget;
			buildConfigurationList = B31CB1AE20F377AC00FA5532 /* Build configuration list for PBXAggregateTarget "UniversalECHO" */;
			buildPhases = (
				B31CB1B120F377BE00FA5532 /* ShellScript */,
				B356019220F38C820097FD38 /* CopyFiles */,
			);
			dependencies = (
			);
			name = UniversalECHO;
			productName = UniversalECHO;
		};
/* End PBXAggregateTarget section */

/* Begin PBXBuildFile section */
		B30CACFA20FF74C80048E33E /* NetworkNodesApiServiceImp.swift in Sources */ = {isa = PBXBuildFile; fileRef = B30CACEE20FF74C70048E33E /* NetworkNodesApiServiceImp.swift */; };
		B30CACFB20FF74C80048E33E /* NetworkBroadcastApiServiceImp.swift in Sources */ = {isa = PBXBuildFile; fileRef = B30CACEF20FF74C70048E33E /* NetworkBroadcastApiServiceImp.swift */; };
		B30CACFC20FF74C80048E33E /* AccountHistoryApiServiceImp.swift in Sources */ = {isa = PBXBuildFile; fileRef = B30CACF020FF74C70048E33E /* AccountHistoryApiServiceImp.swift */; };
		B30CACFD20FF74C80048E33E /* CryptoApiServiceImp.swift in Sources */ = {isa = PBXBuildFile; fileRef = B30CACF120FF74C70048E33E /* CryptoApiServiceImp.swift */; };
		B30CACFE20FF74C80048E33E /* DatabaseApiServiceImp.swift in Sources */ = {isa = PBXBuildFile; fileRef = B30CACF220FF74C70048E33E /* DatabaseApiServiceImp.swift */; };
		B30CACFF20FF74C80048E33E /* AccountHistoryApiService.swift in Sources */ = {isa = PBXBuildFile; fileRef = B30CACF420FF74C70048E33E /* AccountHistoryApiService.swift */; };
		B30CAD0020FF74C80048E33E /* NetworkBroadcastApiService.swift in Sources */ = {isa = PBXBuildFile; fileRef = B30CACF520FF74C70048E33E /* NetworkBroadcastApiService.swift */; };
		B30CAD0120FF74C80048E33E /* CryptoApiService.swift in Sources */ = {isa = PBXBuildFile; fileRef = B30CACF620FF74C70048E33E /* CryptoApiService.swift */; };
		B30CAD0220FF74C80048E33E /* DatabaseApiService.swift in Sources */ = {isa = PBXBuildFile; fileRef = B30CACF720FF74C70048E33E /* DatabaseApiService.swift */; };
		B30CAD0320FF74C80048E33E /* NetworkNodesApiService.swift in Sources */ = {isa = PBXBuildFile; fileRef = B30CACF820FF74C70048E33E /* NetworkNodesApiService.swift */; };
		B30CAD0420FF74C80048E33E /* ApiIdentifireHolder.swift in Sources */ = {isa = PBXBuildFile; fileRef = B30CACF920FF74C70048E33E /* ApiIdentifireHolder.swift */; };
		B30CAD1720FFD5790048E33E /* AccountBalance.swift in Sources */ = {isa = PBXBuildFile; fileRef = B30CAD1520FFD5790048E33E /* AccountBalance.swift */; };
		B30CAD1820FFD5790048E33E /* Account.swift in Sources */ = {isa = PBXBuildFile; fileRef = B30CAD1620FFD5790048E33E /* Account.swift */; };
		B30CAD1A20FFD58E0048E33E /* Options.swift in Sources */ = {isa = PBXBuildFile; fileRef = B30CAD1920FFD58E0048E33E /* Options.swift */; };
		B30CAD1C20FFD5A10048E33E /* Authority.swift in Sources */ = {isa = PBXBuildFile; fileRef = B30CAD1B20FFD5A10048E33E /* Authority.swift */; };
		B30CAD2020FFD5DB0048E33E /* AuthentificationFacadeImp.swift in Sources */ = {isa = PBXBuildFile; fileRef = B30CAD1F20FFD5DB0048E33E /* AuthentificationFacadeImp.swift */; };
		B30CAD2820FFF9E70048E33E /* ECHOKeychain.swift in Sources */ = {isa = PBXBuildFile; fileRef = B30CAD2720FFF9E70048E33E /* ECHOKeychain.swift */; };
		B30FE903212ECD780009BF57 /* ECHOResponse.swift in Sources */ = {isa = PBXBuildFile; fileRef = B30FE902212ECD780009BF57 /* ECHOResponse.swift */; };
		B30FE905212ECDAD0009BF57 /* Codable+Extension.swift in Sources */ = {isa = PBXBuildFile; fileRef = B30FE904212ECDAD0009BF57 /* Codable+Extension.swift */; };
		B30FE907212EFA0D0009BF57 /* FullHistoryStub.swift in Sources */ = {isa = PBXBuildFile; fileRef = B30FE906212EFA0D0009BF57 /* FullHistoryStub.swift */; };
		B30FE909212F1AEA0009BF57 /* SocketMessengerStub.swift in Sources */ = {isa = PBXBuildFile; fileRef = B30FE908212F1AEA0009BF57 /* SocketMessengerStub.swift */; };
		B30FE90C212F2AE70009BF57 /* AccountSocketRequestStub.swift in Sources */ = {isa = PBXBuildFile; fileRef = B30FE90B212F2AE70009BF57 /* AccountSocketRequestStub.swift */; };
		B30FE90E212F2DAE0009BF57 /* FakeSocketCoreComponentTests.swift in Sources */ = {isa = PBXBuildFile; fileRef = B30FE90D212F2DAE0009BF57 /* FakeSocketCoreComponentTests.swift */; };
		B313B8C1212FF9850052B266 /* ECHOInterfaceTests.swift in Sources */ = {isa = PBXBuildFile; fileRef = B313B8C0212FF9850052B266 /* ECHOInterfaceTests.swift */; };
		B313B8D32130411D0052B266 /* Internal.m in Sources */ = {isa = PBXBuildFile; fileRef = B313B8D22130411D0052B266 /* Internal.m */; };
		B313B8D5213041250052B266 /* Internal.h in Headers */ = {isa = PBXBuildFile; fileRef = B313B8D4213041250052B266 /* Internal.h */; settings = {ATTRIBUTES = (Private, ); }; };
		B313B8DA213044390052B266 /* ECHO.modulemap in CopyFiles */ = {isa = PBXBuildFile; fileRef = B313B8D9213044390052B266 /* ECHO.modulemap */; };
		B313B8DD21305A080052B266 /* Crypto.swift in Sources */ = {isa = PBXBuildFile; fileRef = B313B8DB21305A080052B266 /* Crypto.swift */; };
		B313B8DE21305A080052B266 /* EllipticCurveEncrypterSecp256k1.swift in Sources */ = {isa = PBXBuildFile; fileRef = B313B8DC21305A080052B266 /* EllipticCurveEncrypterSecp256k1.swift */; };
		B313B8E021305DAE0052B266 /* CryptoCoreImp.swift in Sources */ = {isa = PBXBuildFile; fileRef = B313B8DF21305DAE0052B266 /* CryptoCoreImp.swift */; };
		B31CB1A520F3772C00FA5532 /* ECHO.h in Headers */ = {isa = PBXBuildFile; fileRef = B31CB1A320F3772C00FA5532 /* ECHO.h */; settings = {ATTRIBUTES = (Public, ); }; };
		B348D09921011E7C00C29AE4 /* AddressKeysContainer.swift in Sources */ = {isa = PBXBuildFile; fileRef = B348D09821011E7C00C29AE4 /* AddressKeysContainer.swift */; };
		B348D09B21011E9D00C29AE4 /* BlockInformation.swift in Sources */ = {isa = PBXBuildFile; fileRef = B348D09A21011E9C00C29AE4 /* BlockInformation.swift */; };
		B348D09D21011EBD00C29AE4 /* InformationFacadeImp.swift in Sources */ = {isa = PBXBuildFile; fileRef = B348D09C21011EBC00C29AE4 /* InformationFacadeImp.swift */; };
		B348D0AC210207ED00C29AE4 /* Encoding.swift in Sources */ = {isa = PBXBuildFile; fileRef = B348D0AB210207ED00C29AE4 /* Encoding.swift */; };
		B35F15AA20F3ABAE000CE3EA /* ObjectType.swift in Sources */ = {isa = PBXBuildFile; fileRef = B35F15A920F3ABAE000CE3EA /* ObjectType.swift */; };
		B370BB5920F7623F004C4A26 /* SettingsConfigurator.swift in Sources */ = {isa = PBXBuildFile; fileRef = B370BB5820F7623F004C4A26 /* SettingsConfigurator.swift */; };
		B370BB5B20F76853004C4A26 /* SocketMessenger.swift in Sources */ = {isa = PBXBuildFile; fileRef = B370BB5A20F76853004C4A26 /* SocketMessenger.swift */; };
		B370BB5D20F768B1004C4A26 /* CryptoCoreComponent.swift in Sources */ = {isa = PBXBuildFile; fileRef = B370BB5C20F768B1004C4A26 /* CryptoCoreComponent.swift */; };
		B38596EA20F5ECBA00B55E59 /* GetAssetsSocketOperation.swift in Sources */ = {isa = PBXBuildFile; fileRef = B38596E920F5ECBA00B55E59 /* GetAssetsSocketOperation.swift */; };
		B38596EC20F5ED6000B55E59 /* GetBlockSocketOperation.swift in Sources */ = {isa = PBXBuildFile; fileRef = B38596EB20F5ED6000B55E59 /* GetBlockSocketOperation.swift */; };
		B38596EE20F5ED9A00B55E59 /* GetChainIdSocketOperation.swift in Sources */ = {isa = PBXBuildFile; fileRef = B38596ED20F5ED9A00B55E59 /* GetChainIdSocketOperation.swift */; };
		B38596F020F5EDCD00B55E59 /* GetContractResultSocketOperation.swift in Sources */ = {isa = PBXBuildFile; fileRef = B38596EF20F5EDCD00B55E59 /* GetContractResultSocketOperation.swift */; };
		B38596F220F5EE1400B55E59 /* GetObjectsSocketOperation.swift in Sources */ = {isa = PBXBuildFile; fileRef = B38596F120F5EE1400B55E59 /* GetObjectsSocketOperation.swift */; };
		B38596F420F5EE5C00B55E59 /* KeyReferencesSocketOperation.swift in Sources */ = {isa = PBXBuildFile; fileRef = B38596F320F5EE5C00B55E59 /* KeyReferencesSocketOperation.swift */; };
		B38596F620F5EEAC00B55E59 /* RequiredFeeSocketOperation.swift in Sources */ = {isa = PBXBuildFile; fileRef = B38596F520F5EEAC00B55E59 /* RequiredFeeSocketOperation.swift */; };
		B38596F820F5F54100B55E59 /* SetSubscribeCallbackSocketOperation.swift in Sources */ = {isa = PBXBuildFile; fileRef = B38596F720F5F54100B55E59 /* SetSubscribeCallbackSocketOperation.swift */; };
		B38596FA20F6003500B55E59 /* AssetAmount.swift in Sources */ = {isa = PBXBuildFile; fileRef = B38596F920F6003500B55E59 /* AssetAmount.swift */; };
		B38596FC20F6005500B55E59 /* Price.swift in Sources */ = {isa = PBXBuildFile; fileRef = B38596FB20F6005500B55E59 /* Price.swift */; };
		B38596FE20F6009A00B55E59 /* Asset.swift in Sources */ = {isa = PBXBuildFile; fileRef = B38596FD20F6009A00B55E59 /* Asset.swift */; };
		B385970220F620B700B55E59 /* AssetOptions.swift in Sources */ = {isa = PBXBuildFile; fileRef = B385970120F620B700B55E59 /* AssetOptions.swift */; };
		B385970420F6270000B55E59 /* ECHOObject.swift in Sources */ = {isa = PBXBuildFile; fileRef = B385970320F6270000B55E59 /* ECHOObject.swift */; };
		B3965B162125952700029585 /* Collection+Extension.swift in Sources */ = {isa = PBXBuildFile; fileRef = B3965B152125952700029585 /* Collection+Extension.swift */; };
		B3965B182125954200029585 /* PointerArray.swift in Sources */ = {isa = PBXBuildFile; fileRef = B3965B172125954200029585 /* PointerArray.swift */; };
		B39A7C0B2105F5F7003CC14D /* SubscriptionFacadeImp.swift in Sources */ = {isa = PBXBuildFile; fileRef = B39A7C0A2105F5F6003CC14D /* SubscriptionFacadeImp.swift */; };
		B39A7C0D2105F601003CC14D /* Statistics.swift in Sources */ = {isa = PBXBuildFile; fileRef = B39A7C0C2105F601003CC14D /* Statistics.swift */; };
		B3A7AA4920F8C247002D569D /* RevilSocketApiFacade.swift in Sources */ = {isa = PBXBuildFile; fileRef = B3A7AA4820F8C247002D569D /* RevilSocketApiFacade.swift */; };
		B3A7AA4B20F8C32C002D569D /* RevealFacadeImp.swift in Sources */ = {isa = PBXBuildFile; fileRef = B3A7AA4A20F8C32C002D569D /* RevealFacadeImp.swift */; };
		B3A8BF6120F7DA3B0041A1D7 /* SocketCoreComponentImp.swift in Sources */ = {isa = PBXBuildFile; fileRef = B3A8BF6020F7DA3B0041A1D7 /* SocketCoreComponentImp.swift */; };
		B3A8BF6320F7DA4F0041A1D7 /* SocketMessanger.swift in Sources */ = {isa = PBXBuildFile; fileRef = B3A8BF6220F7DA4F0041A1D7 /* SocketMessanger.swift */; };
		B3B04C6120F3B2CE003BBD9E /* GrapheneObject.swift in Sources */ = {isa = PBXBuildFile; fileRef = B3B04C6020F3B2CE003BBD9E /* GrapheneObject.swift */; };
		B3CA701E20F49C6800511F6A /* ReslutHandler.swift in Sources */ = {isa = PBXBuildFile; fileRef = B3CA701D20F49C6800511F6A /* ReslutHandler.swift */; };
		B3CA702020F4A3A900511F6A /* ECHO.swift in Sources */ = {isa = PBXBuildFile; fileRef = B3CA701F20F4A3A900511F6A /* ECHO.swift */; };
		B3CA702820F4A43000511F6A /* AuthentificationFacade.swift in Sources */ = {isa = PBXBuildFile; fileRef = B3CA702720F4A43000511F6A /* AuthentificationFacade.swift */; };
		B3CA702A20F4A44900511F6A /* InformationFacade.swift in Sources */ = {isa = PBXBuildFile; fileRef = B3CA702920F4A44900511F6A /* InformationFacade.swift */; };
		B3CA702C20F4A45400511F6A /* TransactionFacade.swift in Sources */ = {isa = PBXBuildFile; fileRef = B3CA702B20F4A45400511F6A /* TransactionFacade.swift */; };
		B3CA702E20F4A46200511F6A /* SubscriptionFacade.swift in Sources */ = {isa = PBXBuildFile; fileRef = B3CA702D20F4A46200511F6A /* SubscriptionFacade.swift */; };
		B3CA703020F4A46E00511F6A /* FeeFacade.swift in Sources */ = {isa = PBXBuildFile; fileRef = B3CA702F20F4A46E00511F6A /* FeeFacade.swift */; };
		B3CA703820F4A72C00511F6A /* Error.swift in Sources */ = {isa = PBXBuildFile; fileRef = B3CA703720F4A72C00511F6A /* Error.swift */; };
		B3CA703A20F4A7C300511F6A /* UserAccount.swift in Sources */ = {isa = PBXBuildFile; fileRef = B3CA703920F4A7C300511F6A /* UserAccount.swift */; };
		B3CA703C20F4AA3700511F6A /* HistoryItem.swift in Sources */ = {isa = PBXBuildFile; fileRef = B3CA703B20F4AA3700511F6A /* HistoryItem.swift */; };
		B3CA704020F4FB0200511F6A /* ECHOSerializable.swift in Sources */ = {isa = PBXBuildFile; fileRef = B3CA703F20F4FB0200511F6A /* ECHOSerializable.swift */; };
		B3CA704220F502BE00511F6A /* SocketOperation.swift in Sources */ = {isa = PBXBuildFile; fileRef = B3CA704120F502BE00511F6A /* SocketOperation.swift */; };
		B3CA704520F532BE00511F6A /* BaseSocketOperation.swift in Sources */ = {isa = PBXBuildFile; fileRef = B3CA704420F532BE00511F6A /* BaseSocketOperation.swift */; };
		B3CA704720F532E600511F6A /* AccessSocketOperation.swift in Sources */ = {isa = PBXBuildFile; fileRef = B3CA704620F532E600511F6A /* AccessSocketOperation.swift */; };
		B3CA704920F5358400511F6A /* BlockDataSocketOperation.swift in Sources */ = {isa = PBXBuildFile; fileRef = B3CA704820F5358400511F6A /* BlockDataSocketOperation.swift */; };
		B3CA704B20F5363F00511F6A /* FullAccountSocketOperation.swift in Sources */ = {isa = PBXBuildFile; fileRef = B3CA704A20F5363F00511F6A /* FullAccountSocketOperation.swift */; };
		B3CA704D20F53A4500511F6A /* GetAccountHistorySocketOperation.swift in Sources */ = {isa = PBXBuildFile; fileRef = B3CA704C20F53A4500511F6A /* GetAccountHistorySocketOperation.swift */; };
		B3D1C566212C9CCA00D1A7E6 /* ECHO.framework in Frameworks */ = {isa = PBXBuildFile; fileRef = B31CB1A020F3772C00FA5532 /* ECHO.framework */; };
		B3D1C57A212C9D4900D1A7E6 /* JsonDecodingTests.swift in Sources */ = {isa = PBXBuildFile; fileRef = B3D1C579212C9D4900D1A7E6 /* JsonDecodingTests.swift */; };
		B3D1C57C212D4D8100D1A7E6 /* DataEncodingTests.swift in Sources */ = {isa = PBXBuildFile; fileRef = B3D1C57B212D4D8100D1A7E6 /* DataEncodingTests.swift */; };
		B3D1C57E212D94B500D1A7E6 /* BinaryConvertible.swift in Sources */ = {isa = PBXBuildFile; fileRef = B3D1C57D212D94B500D1A7E6 /* BinaryConvertible.swift */; };
		B3D1C582212DA10400D1A7E6 /* FullAccountStub.swift in Sources */ = {isa = PBXBuildFile; fileRef = B3D1C581212DA10400D1A7E6 /* FullAccountStub.swift */; };
		B3D1C584212DA5A500D1A7E6 /* AccountBalanceStub.swift in Sources */ = {isa = PBXBuildFile; fileRef = B3D1C583212DA5A500D1A7E6 /* AccountBalanceStub.swift */; };
		B3D1C586212DA63500D1A7E6 /* AccountStub.swift in Sources */ = {isa = PBXBuildFile; fileRef = B3D1C585212DA63500D1A7E6 /* AccountStub.swift */; };
		B3D1C588212DA67300D1A7E6 /* AuthorityStub.swift in Sources */ = {isa = PBXBuildFile; fileRef = B3D1C587212DA67300D1A7E6 /* AuthorityStub.swift */; };
		B3D1C58A212DA6B000D1A7E6 /* StatisticStub.swift in Sources */ = {isa = PBXBuildFile; fileRef = B3D1C589212DA6B000D1A7E6 /* StatisticStub.swift */; };
		B3D1C58C212DA6E700D1A7E6 /* OptionsStub.swift in Sources */ = {isa = PBXBuildFile; fileRef = B3D1C58B212DA6E700D1A7E6 /* OptionsStub.swift */; };
		B3D1C58E212DA92500D1A7E6 /* JsonEncodingTests.swift in Sources */ = {isa = PBXBuildFile; fileRef = B3D1C58D212DA92500D1A7E6 /* JsonEncodingTests.swift */; };
		D01BF7D0212AB00700917DB8 /* Vote.swift in Sources */ = {isa = PBXBuildFile; fileRef = D01BF7CF212AB00700917DB8 /* Vote.swift */; };
		D01BF7D2212ABE4E00917DB8 /* OptionalValue.swift in Sources */ = {isa = PBXBuildFile; fileRef = D01BF7D1212ABE4E00917DB8 /* OptionalValue.swift */; };
		D01BF7D4212AC7FE00917DB8 /* AccountAuthority.swift in Sources */ = {isa = PBXBuildFile; fileRef = D01BF7D3212AC7FE00917DB8 /* AccountAuthority.swift */; };
		D01BF7D6212AC81000917DB8 /* AddressAuthority.swift in Sources */ = {isa = PBXBuildFile; fileRef = D01BF7D5212AC81000917DB8 /* AddressAuthority.swift */; };
		D01BF7D8212AE77B00917DB8 /* BitassetOptions.swift in Sources */ = {isa = PBXBuildFile; fileRef = D01BF7D7212AE77B00917DB8 /* BitassetOptions.swift */; };
		D094703E212D3ECC00B55A37 /* TransferOperation.swift in Sources */ = {isa = PBXBuildFile; fileRef = D094703D212D3ECC00B55A37 /* TransferOperation.swift */; };
		D0947040212D3FEE00B55A37 /* Memo.swift in Sources */ = {isa = PBXBuildFile; fileRef = D094703F212D3FEE00B55A37 /* Memo.swift */; };
		D0947042212D5E2D00B55A37 /* String+Extension.swift in Sources */ = {isa = PBXBuildFile; fileRef = D0947041212D5E2D00B55A37 /* String+Extension.swift */; };
		D0947048212D931800B55A37 /* AccountUpdateOperation.swift in Sources */ = {isa = PBXBuildFile; fileRef = D0947047212D931800B55A37 /* AccountUpdateOperation.swift */; };
		D094704A212D932500B55A37 /* CreateAssetOperation.swift in Sources */ = {isa = PBXBuildFile; fileRef = D0947049212D932500B55A37 /* CreateAssetOperation.swift */; };
		D094704C212D9C7400B55A37 /* IssueAssetOperation.swift in Sources */ = {isa = PBXBuildFile; fileRef = D094704B212D9C7400B55A37 /* IssueAssetOperation.swift */; };
		D0A1B441212E9C5300294683 /* ECHOQueue.swift in Sources */ = {isa = PBXBuildFile; fileRef = D0A1B440212E9C5300294683 /* ECHOQueue.swift */; };
		D0A1B447212FF04600294683 /* Block.swift in Sources */ = {isa = PBXBuildFile; fileRef = D0A1B446212FF04600294683 /* Block.swift */; };
		D0B6A0C62126B26D00A78E4B /* BaseOperation.swift in Sources */ = {isa = PBXBuildFile; fileRef = D0B6A0C52126B26D00A78E4B /* BaseOperation.swift */; };
		D0B6A0C82126B39100A78E4B /* Extensions.swift in Sources */ = {isa = PBXBuildFile; fileRef = D0B6A0C72126B39100A78E4B /* Extensions.swift */; };
		D0B6A0CA2126BA9300A78E4B /* OperationType.swift in Sources */ = {isa = PBXBuildFile; fileRef = D0B6A0C92126BA9300A78E4B /* OperationType.swift */; };
		D0B6A0CC2126CB5800A78E4B /* AccountCreateOperation.swift in Sources */ = {isa = PBXBuildFile; fileRef = D0B6A0CB2126CB5800A78E4B /* AccountCreateOperation.swift */; };
		D0B6A0CE2126CD5500A78E4B /* AccountOptions.swift in Sources */ = {isa = PBXBuildFile; fileRef = D0B6A0CD2126CD5500A78E4B /* AccountOptions.swift */; };
		D0B6A0D02126CDD100A78E4B /* Address.swift in Sources */ = {isa = PBXBuildFile; fileRef = D0B6A0CF2126CDD100A78E4B /* Address.swift */; };
		D0B6A0D22126EE3600A78E4B /* Data+Extension.swift in Sources */ = {isa = PBXBuildFile; fileRef = D0B6A0D12126EE3600A78E4B /* Data+Extension.swift */; };
/* End PBXBuildFile section */

/* Begin PBXContainerItemProxy section */
		B3D1C567212C9CCA00D1A7E6 /* PBXContainerItemProxy */ = {
			isa = PBXContainerItemProxy;
			containerPortal = B31CB19720F3772C00FA5532 /* Project object */;
			proxyType = 1;
			remoteGlobalIDString = B31CB19F20F3772C00FA5532;
			remoteInfo = ECHO;
		};
/* End PBXContainerItemProxy section */

/* Begin PBXCopyFilesBuildPhase section */
		B356019220F38C820097FD38 /* CopyFiles */ = {
			isa = PBXCopyFilesBuildPhase;
			buildActionMask = 2147483647;
			dstPath = "";
			dstSubfolderSpec = 10;
			files = (
				B313B8DA213044390052B266 /* ECHO.modulemap in CopyFiles */,
			);
			runOnlyForDeploymentPostprocessing = 0;
		};
		B356019820F38D330097FD38 /* CopyFiles */ = {
			isa = PBXCopyFilesBuildPhase;
			buildActionMask = 2147483647;
			dstPath = "";
			dstSubfolderSpec = 10;
			files = (
			);
			runOnlyForDeploymentPostprocessing = 0;
		};
/* End PBXCopyFilesBuildPhase section */

/* Begin PBXFileReference section */
		B30CACEA20FF74840048E33E /* Starscream.framework */ = {isa = PBXFileReference; lastKnownFileType = wrapper.framework; name = Starscream.framework; path = Carthage/Build/iOS/Starscream.framework; sourceTree = "<group>"; };
		B30CACEE20FF74C70048E33E /* NetworkNodesApiServiceImp.swift */ = {isa = PBXFileReference; fileEncoding = 4; lastKnownFileType = sourcecode.swift; path = NetworkNodesApiServiceImp.swift; sourceTree = "<group>"; };
		B30CACEF20FF74C70048E33E /* NetworkBroadcastApiServiceImp.swift */ = {isa = PBXFileReference; fileEncoding = 4; lastKnownFileType = sourcecode.swift; path = NetworkBroadcastApiServiceImp.swift; sourceTree = "<group>"; };
		B30CACF020FF74C70048E33E /* AccountHistoryApiServiceImp.swift */ = {isa = PBXFileReference; fileEncoding = 4; lastKnownFileType = sourcecode.swift; path = AccountHistoryApiServiceImp.swift; sourceTree = "<group>"; };
		B30CACF120FF74C70048E33E /* CryptoApiServiceImp.swift */ = {isa = PBXFileReference; fileEncoding = 4; lastKnownFileType = sourcecode.swift; path = CryptoApiServiceImp.swift; sourceTree = "<group>"; };
		B30CACF220FF74C70048E33E /* DatabaseApiServiceImp.swift */ = {isa = PBXFileReference; fileEncoding = 4; lastKnownFileType = sourcecode.swift; path = DatabaseApiServiceImp.swift; sourceTree = "<group>"; };
		B30CACF420FF74C70048E33E /* AccountHistoryApiService.swift */ = {isa = PBXFileReference; fileEncoding = 4; lastKnownFileType = sourcecode.swift; path = AccountHistoryApiService.swift; sourceTree = "<group>"; };
		B30CACF520FF74C70048E33E /* NetworkBroadcastApiService.swift */ = {isa = PBXFileReference; fileEncoding = 4; lastKnownFileType = sourcecode.swift; path = NetworkBroadcastApiService.swift; sourceTree = "<group>"; };
		B30CACF620FF74C70048E33E /* CryptoApiService.swift */ = {isa = PBXFileReference; fileEncoding = 4; lastKnownFileType = sourcecode.swift; path = CryptoApiService.swift; sourceTree = "<group>"; };
		B30CACF720FF74C70048E33E /* DatabaseApiService.swift */ = {isa = PBXFileReference; fileEncoding = 4; lastKnownFileType = sourcecode.swift; path = DatabaseApiService.swift; sourceTree = "<group>"; };
		B30CACF820FF74C70048E33E /* NetworkNodesApiService.swift */ = {isa = PBXFileReference; fileEncoding = 4; lastKnownFileType = sourcecode.swift; path = NetworkNodesApiService.swift; sourceTree = "<group>"; };
		B30CACF920FF74C70048E33E /* ApiIdentifireHolder.swift */ = {isa = PBXFileReference; fileEncoding = 4; lastKnownFileType = sourcecode.swift; path = ApiIdentifireHolder.swift; sourceTree = "<group>"; };
		B30CAD1520FFD5790048E33E /* AccountBalance.swift */ = {isa = PBXFileReference; fileEncoding = 4; lastKnownFileType = sourcecode.swift; path = AccountBalance.swift; sourceTree = "<group>"; };
		B30CAD1620FFD5790048E33E /* Account.swift */ = {isa = PBXFileReference; fileEncoding = 4; lastKnownFileType = sourcecode.swift; path = Account.swift; sourceTree = "<group>"; };
		B30CAD1920FFD58E0048E33E /* Options.swift */ = {isa = PBXFileReference; fileEncoding = 4; lastKnownFileType = sourcecode.swift; path = Options.swift; sourceTree = "<group>"; };
		B30CAD1B20FFD5A10048E33E /* Authority.swift */ = {isa = PBXFileReference; fileEncoding = 4; lastKnownFileType = sourcecode.swift; path = Authority.swift; sourceTree = "<group>"; };
		B30CAD1F20FFD5DB0048E33E /* AuthentificationFacadeImp.swift */ = {isa = PBXFileReference; fileEncoding = 4; lastKnownFileType = sourcecode.swift; path = AuthentificationFacadeImp.swift; sourceTree = "<group>"; };
		B30CAD2720FFF9E70048E33E /* ECHOKeychain.swift */ = {isa = PBXFileReference; fileEncoding = 4; lastKnownFileType = sourcecode.swift; path = ECHOKeychain.swift; sourceTree = "<group>"; };
		B30FE902212ECD780009BF57 /* ECHOResponse.swift */ = {isa = PBXFileReference; fileEncoding = 4; lastKnownFileType = sourcecode.swift; path = ECHOResponse.swift; sourceTree = "<group>"; };
		B30FE904212ECDAD0009BF57 /* Codable+Extension.swift */ = {isa = PBXFileReference; fileEncoding = 4; lastKnownFileType = sourcecode.swift; path = "Codable+Extension.swift"; sourceTree = "<group>"; };
		B30FE906212EFA0D0009BF57 /* FullHistoryStub.swift */ = {isa = PBXFileReference; lastKnownFileType = sourcecode.swift; path = FullHistoryStub.swift; sourceTree = "<group>"; };
		B30FE908212F1AEA0009BF57 /* SocketMessengerStub.swift */ = {isa = PBXFileReference; lastKnownFileType = sourcecode.swift; path = SocketMessengerStub.swift; sourceTree = "<group>"; };
		B30FE90B212F2AE70009BF57 /* AccountSocketRequestStub.swift */ = {isa = PBXFileReference; lastKnownFileType = sourcecode.swift; path = AccountSocketRequestStub.swift; sourceTree = "<group>"; };
		B30FE90D212F2DAE0009BF57 /* FakeSocketCoreComponentTests.swift */ = {isa = PBXFileReference; lastKnownFileType = sourcecode.swift; path = FakeSocketCoreComponentTests.swift; sourceTree = "<group>"; };
		B313B8C0212FF9850052B266 /* ECHOInterfaceTests.swift */ = {isa = PBXFileReference; lastKnownFileType = sourcecode.swift; path = ECHOInterfaceTests.swift; sourceTree = "<group>"; };
		B313B8D22130411D0052B266 /* Internal.m */ = {isa = PBXFileReference; fileEncoding = 4; lastKnownFileType = sourcecode.c.objc; name = Internal.m; path = ECHO/Core/Crypto/Internal.m; sourceTree = SOURCE_ROOT; };
		B313B8D4213041250052B266 /* Internal.h */ = {isa = PBXFileReference; fileEncoding = 4; lastKnownFileType = sourcecode.c.h; name = Internal.h; path = ECHO/Core/Crypto/Internal.h; sourceTree = SOURCE_ROOT; };
		B313B8D9213044390052B266 /* ECHO.modulemap */ = {isa = PBXFileReference; fileEncoding = 4; lastKnownFileType = "sourcecode.module-map"; path = ECHO.modulemap; sourceTree = "<group>"; };
		B313B8DB21305A080052B266 /* Crypto.swift */ = {isa = PBXFileReference; fileEncoding = 4; lastKnownFileType = sourcecode.swift; name = Crypto.swift; path = ECHO/Core/Crypto/Crypto.swift; sourceTree = SOURCE_ROOT; };
		B313B8DC21305A080052B266 /* EllipticCurveEncrypterSecp256k1.swift */ = {isa = PBXFileReference; fileEncoding = 4; lastKnownFileType = sourcecode.swift; name = EllipticCurveEncrypterSecp256k1.swift; path = ECHO/Core/Crypto/EllipticCurveEncrypterSecp256k1.swift; sourceTree = SOURCE_ROOT; };
		B313B8DF21305DAE0052B266 /* CryptoCoreImp.swift */ = {isa = PBXFileReference; fileEncoding = 4; lastKnownFileType = sourcecode.swift; path = CryptoCoreImp.swift; sourceTree = "<group>"; };
		B31CB1A020F3772C00FA5532 /* ECHO.framework */ = {isa = PBXFileReference; explicitFileType = wrapper.framework; includeInIndex = 0; path = ECHO.framework; sourceTree = BUILT_PRODUCTS_DIR; };
		B31CB1A320F3772C00FA5532 /* ECHO.h */ = {isa = PBXFileReference; lastKnownFileType = sourcecode.c.h; path = ECHO.h; sourceTree = "<group>"; };
		B31CB1A420F3772C00FA5532 /* Info.plist */ = {isa = PBXFileReference; lastKnownFileType = text.plist.xml; path = Info.plist; sourceTree = "<group>"; };
		B348D09821011E7C00C29AE4 /* AddressKeysContainer.swift */ = {isa = PBXFileReference; fileEncoding = 4; lastKnownFileType = sourcecode.swift; path = AddressKeysContainer.swift; sourceTree = "<group>"; };
		B348D09A21011E9C00C29AE4 /* BlockInformation.swift */ = {isa = PBXFileReference; fileEncoding = 4; lastKnownFileType = sourcecode.swift; path = BlockInformation.swift; sourceTree = "<group>"; };
		B348D09C21011EBC00C29AE4 /* InformationFacadeImp.swift */ = {isa = PBXFileReference; fileEncoding = 4; lastKnownFileType = sourcecode.swift; path = InformationFacadeImp.swift; sourceTree = "<group>"; };
		B348D0AB210207ED00C29AE4 /* Encoding.swift */ = {isa = PBXFileReference; fileEncoding = 4; lastKnownFileType = sourcecode.swift; path = Encoding.swift; sourceTree = "<group>"; };
		B35F15A920F3ABAE000CE3EA /* ObjectType.swift */ = {isa = PBXFileReference; lastKnownFileType = sourcecode.swift; path = ObjectType.swift; sourceTree = "<group>"; };
		B370BB5820F7623F004C4A26 /* SettingsConfigurator.swift */ = {isa = PBXFileReference; lastKnownFileType = sourcecode.swift; path = SettingsConfigurator.swift; sourceTree = "<group>"; };
		B370BB5A20F76853004C4A26 /* SocketMessenger.swift */ = {isa = PBXFileReference; lastKnownFileType = sourcecode.swift; path = SocketMessenger.swift; sourceTree = "<group>"; };
		B370BB5C20F768B1004C4A26 /* CryptoCoreComponent.swift */ = {isa = PBXFileReference; lastKnownFileType = sourcecode.swift; path = CryptoCoreComponent.swift; sourceTree = "<group>"; };
		B38596E920F5ECBA00B55E59 /* GetAssetsSocketOperation.swift */ = {isa = PBXFileReference; lastKnownFileType = sourcecode.swift; path = GetAssetsSocketOperation.swift; sourceTree = "<group>"; };
		B38596EB20F5ED6000B55E59 /* GetBlockSocketOperation.swift */ = {isa = PBXFileReference; lastKnownFileType = sourcecode.swift; path = GetBlockSocketOperation.swift; sourceTree = "<group>"; };
		B38596ED20F5ED9A00B55E59 /* GetChainIdSocketOperation.swift */ = {isa = PBXFileReference; lastKnownFileType = sourcecode.swift; path = GetChainIdSocketOperation.swift; sourceTree = "<group>"; };
		B38596EF20F5EDCD00B55E59 /* GetContractResultSocketOperation.swift */ = {isa = PBXFileReference; lastKnownFileType = sourcecode.swift; path = GetContractResultSocketOperation.swift; sourceTree = "<group>"; };
		B38596F120F5EE1400B55E59 /* GetObjectsSocketOperation.swift */ = {isa = PBXFileReference; lastKnownFileType = sourcecode.swift; path = GetObjectsSocketOperation.swift; sourceTree = "<group>"; };
		B38596F320F5EE5C00B55E59 /* KeyReferencesSocketOperation.swift */ = {isa = PBXFileReference; lastKnownFileType = sourcecode.swift; path = KeyReferencesSocketOperation.swift; sourceTree = "<group>"; };
		B38596F520F5EEAC00B55E59 /* RequiredFeeSocketOperation.swift */ = {isa = PBXFileReference; lastKnownFileType = sourcecode.swift; path = RequiredFeeSocketOperation.swift; sourceTree = "<group>"; };
		B38596F720F5F54100B55E59 /* SetSubscribeCallbackSocketOperation.swift */ = {isa = PBXFileReference; lastKnownFileType = sourcecode.swift; path = SetSubscribeCallbackSocketOperation.swift; sourceTree = "<group>"; };
		B38596F920F6003500B55E59 /* AssetAmount.swift */ = {isa = PBXFileReference; lastKnownFileType = sourcecode.swift; path = AssetAmount.swift; sourceTree = "<group>"; };
		B38596FB20F6005500B55E59 /* Price.swift */ = {isa = PBXFileReference; lastKnownFileType = sourcecode.swift; path = Price.swift; sourceTree = "<group>"; };
		B38596FD20F6009A00B55E59 /* Asset.swift */ = {isa = PBXFileReference; lastKnownFileType = sourcecode.swift; path = Asset.swift; sourceTree = "<group>"; };
		B385970120F620B700B55E59 /* AssetOptions.swift */ = {isa = PBXFileReference; lastKnownFileType = sourcecode.swift; path = AssetOptions.swift; sourceTree = "<group>"; };
		B385970320F6270000B55E59 /* ECHOObject.swift */ = {isa = PBXFileReference; lastKnownFileType = sourcecode.swift; path = ECHOObject.swift; sourceTree = "<group>"; };
		B3965B152125952700029585 /* Collection+Extension.swift */ = {isa = PBXFileReference; fileEncoding = 4; lastKnownFileType = sourcecode.swift; path = "Collection+Extension.swift"; sourceTree = "<group>"; };
		B3965B172125954200029585 /* PointerArray.swift */ = {isa = PBXFileReference; fileEncoding = 4; lastKnownFileType = sourcecode.swift; path = PointerArray.swift; sourceTree = "<group>"; };
		B39A7C0A2105F5F6003CC14D /* SubscriptionFacadeImp.swift */ = {isa = PBXFileReference; fileEncoding = 4; lastKnownFileType = sourcecode.swift; path = SubscriptionFacadeImp.swift; sourceTree = "<group>"; };
		B39A7C0C2105F601003CC14D /* Statistics.swift */ = {isa = PBXFileReference; fileEncoding = 4; lastKnownFileType = sourcecode.swift; path = Statistics.swift; sourceTree = "<group>"; };
		B3A7AA4820F8C247002D569D /* RevilSocketApiFacade.swift */ = {isa = PBXFileReference; lastKnownFileType = sourcecode.swift; path = RevilSocketApiFacade.swift; sourceTree = "<group>"; };
		B3A7AA4A20F8C32C002D569D /* RevealFacadeImp.swift */ = {isa = PBXFileReference; lastKnownFileType = sourcecode.swift; path = RevealFacadeImp.swift; sourceTree = "<group>"; };
		B3A8BF6020F7DA3B0041A1D7 /* SocketCoreComponentImp.swift */ = {isa = PBXFileReference; fileEncoding = 4; lastKnownFileType = sourcecode.swift; path = SocketCoreComponentImp.swift; sourceTree = "<group>"; };
		B3A8BF6220F7DA4F0041A1D7 /* SocketMessanger.swift */ = {isa = PBXFileReference; fileEncoding = 4; lastKnownFileType = sourcecode.swift; path = SocketMessanger.swift; sourceTree = "<group>"; };
		B3B04C6020F3B2CE003BBD9E /* GrapheneObject.swift */ = {isa = PBXFileReference; lastKnownFileType = sourcecode.swift; path = GrapheneObject.swift; sourceTree = "<group>"; };
		B3CA701D20F49C6800511F6A /* ReslutHandler.swift */ = {isa = PBXFileReference; lastKnownFileType = sourcecode.swift; path = ReslutHandler.swift; sourceTree = "<group>"; };
		B3CA701F20F4A3A900511F6A /* ECHO.swift */ = {isa = PBXFileReference; lastKnownFileType = sourcecode.swift; path = ECHO.swift; sourceTree = "<group>"; };
		B3CA702720F4A43000511F6A /* AuthentificationFacade.swift */ = {isa = PBXFileReference; lastKnownFileType = sourcecode.swift; path = AuthentificationFacade.swift; sourceTree = "<group>"; };
		B3CA702920F4A44900511F6A /* InformationFacade.swift */ = {isa = PBXFileReference; lastKnownFileType = sourcecode.swift; path = InformationFacade.swift; sourceTree = "<group>"; };
		B3CA702B20F4A45400511F6A /* TransactionFacade.swift */ = {isa = PBXFileReference; lastKnownFileType = sourcecode.swift; path = TransactionFacade.swift; sourceTree = "<group>"; };
		B3CA702D20F4A46200511F6A /* SubscriptionFacade.swift */ = {isa = PBXFileReference; lastKnownFileType = sourcecode.swift; path = SubscriptionFacade.swift; sourceTree = "<group>"; };
		B3CA702F20F4A46E00511F6A /* FeeFacade.swift */ = {isa = PBXFileReference; lastKnownFileType = sourcecode.swift; path = FeeFacade.swift; sourceTree = "<group>"; };
		B3CA703720F4A72C00511F6A /* Error.swift */ = {isa = PBXFileReference; lastKnownFileType = sourcecode.swift; path = Error.swift; sourceTree = "<group>"; };
		B3CA703920F4A7C300511F6A /* UserAccount.swift */ = {isa = PBXFileReference; lastKnownFileType = sourcecode.swift; path = UserAccount.swift; sourceTree = "<group>"; };
		B3CA703B20F4AA3700511F6A /* HistoryItem.swift */ = {isa = PBXFileReference; lastKnownFileType = sourcecode.swift; path = HistoryItem.swift; sourceTree = "<group>"; };
		B3CA703F20F4FB0200511F6A /* ECHOSerializable.swift */ = {isa = PBXFileReference; lastKnownFileType = sourcecode.swift; path = ECHOSerializable.swift; sourceTree = "<group>"; };
		B3CA704120F502BE00511F6A /* SocketOperation.swift */ = {isa = PBXFileReference; lastKnownFileType = sourcecode.swift; path = SocketOperation.swift; sourceTree = "<group>"; };
		B3CA704420F532BE00511F6A /* BaseSocketOperation.swift */ = {isa = PBXFileReference; lastKnownFileType = sourcecode.swift; path = BaseSocketOperation.swift; sourceTree = "<group>"; };
		B3CA704620F532E600511F6A /* AccessSocketOperation.swift */ = {isa = PBXFileReference; lastKnownFileType = sourcecode.swift; path = AccessSocketOperation.swift; sourceTree = "<group>"; };
		B3CA704820F5358400511F6A /* BlockDataSocketOperation.swift */ = {isa = PBXFileReference; lastKnownFileType = sourcecode.swift; path = BlockDataSocketOperation.swift; sourceTree = "<group>"; };
		B3CA704A20F5363F00511F6A /* FullAccountSocketOperation.swift */ = {isa = PBXFileReference; lastKnownFileType = sourcecode.swift; path = FullAccountSocketOperation.swift; sourceTree = "<group>"; };
		B3CA704C20F53A4500511F6A /* GetAccountHistorySocketOperation.swift */ = {isa = PBXFileReference; lastKnownFileType = sourcecode.swift; path = GetAccountHistorySocketOperation.swift; sourceTree = "<group>"; };
		B3D1C561212C9CCA00D1A7E6 /* ECHOTests.xctest */ = {isa = PBXFileReference; explicitFileType = wrapper.cfbundle; includeInIndex = 0; path = ECHOTests.xctest; sourceTree = BUILT_PRODUCTS_DIR; };
		B3D1C565212C9CCA00D1A7E6 /* Info.plist */ = {isa = PBXFileReference; lastKnownFileType = text.plist.xml; path = Info.plist; sourceTree = "<group>"; };
		B3D1C579212C9D4900D1A7E6 /* JsonDecodingTests.swift */ = {isa = PBXFileReference; fileEncoding = 4; lastKnownFileType = sourcecode.swift; path = JsonDecodingTests.swift; sourceTree = "<group>"; };
		B3D1C57B212D4D8100D1A7E6 /* DataEncodingTests.swift */ = {isa = PBXFileReference; lastKnownFileType = sourcecode.swift; path = DataEncodingTests.swift; sourceTree = "<group>"; };
		B3D1C57D212D94B500D1A7E6 /* BinaryConvertible.swift */ = {isa = PBXFileReference; lastKnownFileType = sourcecode.swift; path = BinaryConvertible.swift; sourceTree = "<group>"; };
		B3D1C581212DA10400D1A7E6 /* FullAccountStub.swift */ = {isa = PBXFileReference; lastKnownFileType = sourcecode.swift; path = FullAccountStub.swift; sourceTree = "<group>"; };
		B3D1C583212DA5A500D1A7E6 /* AccountBalanceStub.swift */ = {isa = PBXFileReference; lastKnownFileType = sourcecode.swift; path = AccountBalanceStub.swift; sourceTree = "<group>"; };
		B3D1C585212DA63500D1A7E6 /* AccountStub.swift */ = {isa = PBXFileReference; lastKnownFileType = sourcecode.swift; path = AccountStub.swift; sourceTree = "<group>"; };
		B3D1C587212DA67300D1A7E6 /* AuthorityStub.swift */ = {isa = PBXFileReference; lastKnownFileType = sourcecode.swift; path = AuthorityStub.swift; sourceTree = "<group>"; };
		B3D1C589212DA6B000D1A7E6 /* StatisticStub.swift */ = {isa = PBXFileReference; lastKnownFileType = sourcecode.swift; path = StatisticStub.swift; sourceTree = "<group>"; };
		B3D1C58B212DA6E700D1A7E6 /* OptionsStub.swift */ = {isa = PBXFileReference; lastKnownFileType = sourcecode.swift; path = OptionsStub.swift; sourceTree = "<group>"; };
		B3D1C58D212DA92500D1A7E6 /* JsonEncodingTests.swift */ = {isa = PBXFileReference; lastKnownFileType = sourcecode.swift; path = JsonEncodingTests.swift; sourceTree = "<group>"; };
		D01BF7CF212AB00700917DB8 /* Vote.swift */ = {isa = PBXFileReference; lastKnownFileType = sourcecode.swift; path = Vote.swift; sourceTree = "<group>"; };
		D01BF7D1212ABE4E00917DB8 /* OptionalValue.swift */ = {isa = PBXFileReference; lastKnownFileType = sourcecode.swift; path = OptionalValue.swift; sourceTree = "<group>"; };
		D01BF7D3212AC7FE00917DB8 /* AccountAuthority.swift */ = {isa = PBXFileReference; lastKnownFileType = sourcecode.swift; path = AccountAuthority.swift; sourceTree = "<group>"; };
		D01BF7D5212AC81000917DB8 /* AddressAuthority.swift */ = {isa = PBXFileReference; lastKnownFileType = sourcecode.swift; path = AddressAuthority.swift; sourceTree = "<group>"; };
		D01BF7D7212AE77B00917DB8 /* BitassetOptions.swift */ = {isa = PBXFileReference; lastKnownFileType = sourcecode.swift; path = BitassetOptions.swift; sourceTree = "<group>"; };
		D094703D212D3ECC00B55A37 /* TransferOperation.swift */ = {isa = PBXFileReference; lastKnownFileType = sourcecode.swift; path = TransferOperation.swift; sourceTree = "<group>"; };
		D094703F212D3FEE00B55A37 /* Memo.swift */ = {isa = PBXFileReference; lastKnownFileType = sourcecode.swift; path = Memo.swift; sourceTree = "<group>"; };
		D0947041212D5E2D00B55A37 /* String+Extension.swift */ = {isa = PBXFileReference; lastKnownFileType = sourcecode.swift; path = "String+Extension.swift"; sourceTree = "<group>"; };
		D0947047212D931800B55A37 /* AccountUpdateOperation.swift */ = {isa = PBXFileReference; fileEncoding = 4; lastKnownFileType = sourcecode.swift; path = AccountUpdateOperation.swift; sourceTree = "<group>"; };
		D0947049212D932500B55A37 /* CreateAssetOperation.swift */ = {isa = PBXFileReference; fileEncoding = 4; lastKnownFileType = sourcecode.swift; path = CreateAssetOperation.swift; sourceTree = "<group>"; };
		D094704B212D9C7400B55A37 /* IssueAssetOperation.swift */ = {isa = PBXFileReference; lastKnownFileType = sourcecode.swift; path = IssueAssetOperation.swift; sourceTree = "<group>"; };
		D0A1B440212E9C5300294683 /* ECHOQueue.swift */ = {isa = PBXFileReference; lastKnownFileType = sourcecode.swift; path = ECHOQueue.swift; sourceTree = "<group>"; };
		D0A1B446212FF04600294683 /* Block.swift */ = {isa = PBXFileReference; lastKnownFileType = sourcecode.swift; path = Block.swift; sourceTree = "<group>"; };
		D0B6A0C52126B26D00A78E4B /* BaseOperation.swift */ = {isa = PBXFileReference; lastKnownFileType = sourcecode.swift; path = BaseOperation.swift; sourceTree = "<group>"; };
		D0B6A0C72126B39100A78E4B /* Extensions.swift */ = {isa = PBXFileReference; lastKnownFileType = sourcecode.swift; path = Extensions.swift; sourceTree = "<group>"; };
		D0B6A0C92126BA9300A78E4B /* OperationType.swift */ = {isa = PBXFileReference; lastKnownFileType = sourcecode.swift; path = OperationType.swift; sourceTree = "<group>"; };
		D0B6A0CB2126CB5800A78E4B /* AccountCreateOperation.swift */ = {isa = PBXFileReference; lastKnownFileType = sourcecode.swift; path = AccountCreateOperation.swift; sourceTree = "<group>"; };
		D0B6A0CD2126CD5500A78E4B /* AccountOptions.swift */ = {isa = PBXFileReference; lastKnownFileType = sourcecode.swift; path = AccountOptions.swift; sourceTree = "<group>"; };
		D0B6A0CF2126CDD100A78E4B /* Address.swift */ = {isa = PBXFileReference; lastKnownFileType = sourcecode.swift; path = Address.swift; sourceTree = "<group>"; };
		D0B6A0D12126EE3600A78E4B /* Data+Extension.swift */ = {isa = PBXFileReference; lastKnownFileType = sourcecode.swift; path = "Data+Extension.swift"; sourceTree = "<group>"; };
/* End PBXFileReference section */

/* Begin PBXFrameworksBuildPhase section */
		B31CB19C20F3772C00FA5532 /* Frameworks */ = {
			isa = PBXFrameworksBuildPhase;
			buildActionMask = 2147483647;
			files = (
			);
			runOnlyForDeploymentPostprocessing = 0;
		};
		B3D1C55E212C9CCA00D1A7E6 /* Frameworks */ = {
			isa = PBXFrameworksBuildPhase;
			buildActionMask = 2147483647;
			files = (
				B3D1C566212C9CCA00D1A7E6 /* ECHO.framework in Frameworks */,
			);
			runOnlyForDeploymentPostprocessing = 0;
		};
/* End PBXFrameworksBuildPhase section */

/* Begin PBXGroup section */
		B30CACEC20FF74C70048E33E /* Services */ = {
			isa = PBXGroup;
			children = (
				B30CACED20FF74C70048E33E /* Implementations */,
				B30CACF320FF74C70048E33E /* Protocols */,
			);
			path = Services;
			sourceTree = "<group>";
		};
		B30CACED20FF74C70048E33E /* Implementations */ = {
			isa = PBXGroup;
			children = (
				B30CACEE20FF74C70048E33E /* NetworkNodesApiServiceImp.swift */,
				B30CACEF20FF74C70048E33E /* NetworkBroadcastApiServiceImp.swift */,
				B30CACF020FF74C70048E33E /* AccountHistoryApiServiceImp.swift */,
				B30CACF120FF74C70048E33E /* CryptoApiServiceImp.swift */,
				B30CACF220FF74C70048E33E /* DatabaseApiServiceImp.swift */,
			);
			path = Implementations;
			sourceTree = "<group>";
		};
		B30CACF320FF74C70048E33E /* Protocols */ = {
			isa = PBXGroup;
			children = (
				B30CACF420FF74C70048E33E /* AccountHistoryApiService.swift */,
				B30CACF520FF74C70048E33E /* NetworkBroadcastApiService.swift */,
				B30CACF620FF74C70048E33E /* CryptoApiService.swift */,
				B30CACF720FF74C70048E33E /* DatabaseApiService.swift */,
				B30CACF820FF74C70048E33E /* NetworkNodesApiService.swift */,
				B30CACF920FF74C70048E33E /* ApiIdentifireHolder.swift */,
			);
			path = Protocols;
			sourceTree = "<group>";
		};
		B30FE901212ECD780009BF57 /* Responce */ = {
			isa = PBXGroup;
			children = (
				B30FE902212ECD780009BF57 /* ECHOResponse.swift */,
			);
			path = Responce;
			sourceTree = "<group>";
		};
		B30FE90A212F2ABB0009BF57 /* SocketRequestsStubs */ = {
			isa = PBXGroup;
			children = (
				B30FE90B212F2AE70009BF57 /* AccountSocketRequestStub.swift */,
			);
			path = SocketRequestsStubs;
			sourceTree = "<group>";
		};
		B313B8CD21303EF80052B266 /* Crypto */ = {
			isa = PBXGroup;
			children = (
				B313B8DF21305DAE0052B266 /* CryptoCoreImp.swift */,
				B313B8DB21305A080052B266 /* Crypto.swift */,
				B313B8DC21305A080052B266 /* EllipticCurveEncrypterSecp256k1.swift */,
				B313B8D4213041250052B266 /* Internal.h */,
				B313B8D22130411D0052B266 /* Internal.m */,
			);
			name = Crypto;
			path = "New Group";
			sourceTree = "<group>";
		};
		B31CB19620F3772C00FA5532 = {
			isa = PBXGroup;
			children = (
				B31CB1A220F3772C00FA5532 /* ECHO */,
				B3D1C562212C9CCA00D1A7E6 /* ECHOTests */,
				B31CB1A120F3772C00FA5532 /* Products */,
				B356019520F38D170097FD38 /* Frameworks */,
			);
			sourceTree = "<group>";
		};
		B31CB1A120F3772C00FA5532 /* Products */ = {
			isa = PBXGroup;
			children = (
				B31CB1A020F3772C00FA5532 /* ECHO.framework */,
				B3D1C561212C9CCA00D1A7E6 /* ECHOTests.xctest */,
			);
			name = Products;
			sourceTree = "<group>";
		};
		B31CB1A220F3772C00FA5532 /* ECHO */ = {
			isa = PBXGroup;
			children = (
				B3CA702120F4A3CA00511F6A /* Core */,
				B31CB1A320F3772C00FA5532 /* ECHO.h */,
				B31CB1A420F3772C00FA5532 /* Info.plist */,
				B3CA702220F4A3D200511F6A /* Supports Files */,
			);
			path = ECHO;
			sourceTree = "<group>";
		};
		B348D09E21011FCC00C29AE4 /* Objects */ = {
			isa = PBXGroup;
			children = (
				B30FE901212ECD780009BF57 /* Responce */,
				B30CAD1620FFD5790048E33E /* Account.swift */,
				D01BF7D3212AC7FE00917DB8 /* AccountAuthority.swift */,
				B30CAD1520FFD5790048E33E /* AccountBalance.swift */,
				D0B6A0CD2126CD5500A78E4B /* AccountOptions.swift */,
				D0B6A0CF2126CDD100A78E4B /* Address.swift */,
				D01BF7D5212AC81000917DB8 /* AddressAuthority.swift */,
				B38596FD20F6009A00B55E59 /* Asset.swift */,
				B38596F920F6003500B55E59 /* AssetAmount.swift */,
				B385970120F620B700B55E59 /* AssetOptions.swift */,
				B30CAD1B20FFD5A10048E33E /* Authority.swift */,
				D01BF7D7212AE77B00917DB8 /* BitassetOptions.swift */,
				D0A1B446212FF04600294683 /* Block.swift */,
				B348D09A21011E9C00C29AE4 /* BlockInformation.swift */,
				B385970320F6270000B55E59 /* ECHOObject.swift */,
				D0B6A0C72126B39100A78E4B /* Extensions.swift */,
				B3B04C6020F3B2CE003BBD9E /* GrapheneObject.swift */,
				B3CA703B20F4AA3700511F6A /* HistoryItem.swift */,
				D094703F212D3FEE00B55A37 /* Memo.swift */,
				B35F15A920F3ABAE000CE3EA /* ObjectType.swift */,
				D01BF7D1212ABE4E00917DB8 /* OptionalValue.swift */,
				B30CAD1920FFD58E0048E33E /* Options.swift */,
				B38596FB20F6005500B55E59 /* Price.swift */,
				B39A7C0C2105F601003CC14D /* Statistics.swift */,
				D01BF7CF212AB00700917DB8 /* Vote.swift */,
				B3CA703920F4A7C300511F6A /* UserAccount.swift */,
			);
			path = Objects;
			sourceTree = "<group>";
		};
		B356019520F38D170097FD38 /* Frameworks */ = {
			isa = PBXGroup;
			children = (
				B30CACEA20FF74840048E33E /* Starscream.framework */,
			);
			name = Frameworks;
			sourceTree = "<group>";
		};
		B3CA702120F4A3CA00511F6A /* Core */ = {
			isa = PBXGroup;
			children = (
				B313B8CD21303EF80052B266 /* Crypto */,
				B30CACEC20FF74C70048E33E /* Services */,
				B3CA702420F4A3F800511F6A /* Facades */,
				B3CA703220F4A4B600511F6A /* Core Components */,
				B3CA702320F4A3EB00511F6A /* Interface */,
				B3CA703D20F4CA1500511F6A /* Classes */,
			);
			path = Core;
			sourceTree = "<group>";
		};
		B3CA702220F4A3D200511F6A /* Supports Files */ = {
			isa = PBXGroup;
			children = (
				B313B8D9213044390052B266 /* ECHO.modulemap */,
			);
			path = "Supports Files";
			sourceTree = "<group>";
		};
		B3CA702320F4A3EB00511F6A /* Interface */ = {
			isa = PBXGroup;
			children = (
				B3CA701F20F4A3A900511F6A /* ECHO.swift */,
				B370BB5820F7623F004C4A26 /* SettingsConfigurator.swift */,
			);
			path = Interface;
			sourceTree = "<group>";
		};
		B3CA702420F4A3F800511F6A /* Facades */ = {
			isa = PBXGroup;
			children = (
				B3CA702520F4A40600511F6A /* Implementations */,
				B3CA702620F4A41300511F6A /* Protocols */,
			);
			path = Facades;
			sourceTree = "<group>";
		};
		B3CA702520F4A40600511F6A /* Implementations */ = {
			isa = PBXGroup;
			children = (
				B39A7C0A2105F5F6003CC14D /* SubscriptionFacadeImp.swift */,
				B348D09C21011EBC00C29AE4 /* InformationFacadeImp.swift */,
				B30CAD1F20FFD5DB0048E33E /* AuthentificationFacadeImp.swift */,
				B3A7AA4A20F8C32C002D569D /* RevealFacadeImp.swift */,
			);
			path = Implementations;
			sourceTree = "<group>";
		};
		B3CA702620F4A41300511F6A /* Protocols */ = {
			isa = PBXGroup;
			children = (
				B3CA702720F4A43000511F6A /* AuthentificationFacade.swift */,
				B3CA702920F4A44900511F6A /* InformationFacade.swift */,
				B3CA702B20F4A45400511F6A /* TransactionFacade.swift */,
				B3CA702D20F4A46200511F6A /* SubscriptionFacade.swift */,
				B3CA702F20F4A46E00511F6A /* FeeFacade.swift */,
				B3A7AA4820F8C247002D569D /* RevilSocketApiFacade.swift */,
			);
			path = Protocols;
			sourceTree = "<group>";
		};
		B3CA703220F4A4B600511F6A /* Core Components */ = {
			isa = PBXGroup;
			children = (
				B3CA703620F4A4F700511F6A /* Implementations */,
				B3CA703320F4A4DC00511F6A /* Protocols */,
			);
			path = "Core Components";
			sourceTree = "<group>";
		};
		B3CA703320F4A4DC00511F6A /* Protocols */ = {
			isa = PBXGroup;
			children = (
				B3A8BF6220F7DA4F0041A1D7 /* SocketMessanger.swift */,
				B370BB5C20F768B1004C4A26 /* CryptoCoreComponent.swift */,
			);
			path = Protocols;
			sourceTree = "<group>";
		};
		B3CA703620F4A4F700511F6A /* Implementations */ = {
			isa = PBXGroup;
			children = (
				B370BB5A20F76853004C4A26 /* SocketMessenger.swift */,
				B3A8BF6020F7DA3B0041A1D7 /* SocketCoreComponentImp.swift */,
			);
			path = Implementations;
			sourceTree = "<group>";
		};
		B3CA703D20F4CA1500511F6A /* Classes */ = {
			isa = PBXGroup;
			children = (
				D01BF7CE212AAFA800917DB8 /* Extensions */,
				D0B6A0C42126B20900A78E4B /* Operation */,
				B348D09E21011FCC00C29AE4 /* Objects */,
				B3CA704320F532AA00511F6A /* SocketOperation */,
				B348D09821011E7C00C29AE4 /* AddressKeysContainer.swift */,
				B30CAD2720FFF9E70048E33E /* ECHOKeychain.swift */,
				B3CA701D20F49C6800511F6A /* ReslutHandler.swift */,
				B3CA703720F4A72C00511F6A /* Error.swift */,
				B348D0AB210207ED00C29AE4 /* Encoding.swift */,
				B3965B172125954200029585 /* PointerArray.swift */,
				B3CA703F20F4FB0200511F6A /* ECHOSerializable.swift */,
				D0A1B440212E9C5300294683 /* ECHOQueue.swift */,
			);
			path = Classes;
			sourceTree = "<group>";
		};
		B3CA704320F532AA00511F6A /* SocketOperation */ = {
			isa = PBXGroup;
			children = (
				B3CA704120F502BE00511F6A /* SocketOperation.swift */,
				B3CA704420F532BE00511F6A /* BaseSocketOperation.swift */,
				B3CA704620F532E600511F6A /* AccessSocketOperation.swift */,
				B3CA704820F5358400511F6A /* BlockDataSocketOperation.swift */,
				B3CA704A20F5363F00511F6A /* FullAccountSocketOperation.swift */,
				B3CA704C20F53A4500511F6A /* GetAccountHistorySocketOperation.swift */,
				B38596E920F5ECBA00B55E59 /* GetAssetsSocketOperation.swift */,
				B38596EB20F5ED6000B55E59 /* GetBlockSocketOperation.swift */,
				B38596ED20F5ED9A00B55E59 /* GetChainIdSocketOperation.swift */,
				B38596EF20F5EDCD00B55E59 /* GetContractResultSocketOperation.swift */,
				B38596F120F5EE1400B55E59 /* GetObjectsSocketOperation.swift */,
				B38596F320F5EE5C00B55E59 /* KeyReferencesSocketOperation.swift */,
				B38596F520F5EEAC00B55E59 /* RequiredFeeSocketOperation.swift */,
				B38596F720F5F54100B55E59 /* SetSubscribeCallbackSocketOperation.swift */,
			);
			path = SocketOperation;
			sourceTree = "<group>";
		};
		B3D1C562212C9CCA00D1A7E6 /* ECHOTests */ = {
			isa = PBXGroup;
			children = (
				B3D1C57F212DA09500D1A7E6 /* Stubs */,
				B3D1C58D212DA92500D1A7E6 /* JsonEncodingTests.swift */,
				B3D1C57B212D4D8100D1A7E6 /* DataEncodingTests.swift */,
				B3D1C579212C9D4900D1A7E6 /* JsonDecodingTests.swift */,
				B30FE90D212F2DAE0009BF57 /* FakeSocketCoreComponentTests.swift */,
				B313B8C0212FF9850052B266 /* ECHOInterfaceTests.swift */,
				B3D1C565212C9CCA00D1A7E6 /* Info.plist */,
			);
			path = ECHOTests;
			sourceTree = "<group>";
		};
		B3D1C57F212DA09500D1A7E6 /* Stubs */ = {
			isa = PBXGroup;
			children = (
				B30FE90A212F2ABB0009BF57 /* SocketRequestsStubs */,
				B3D1C581212DA10400D1A7E6 /* FullAccountStub.swift */,
				B3D1C583212DA5A500D1A7E6 /* AccountBalanceStub.swift */,
				B3D1C585212DA63500D1A7E6 /* AccountStub.swift */,
				B3D1C587212DA67300D1A7E6 /* AuthorityStub.swift */,
				B3D1C589212DA6B000D1A7E6 /* StatisticStub.swift */,
				B3D1C58B212DA6E700D1A7E6 /* OptionsStub.swift */,
				B30FE906212EFA0D0009BF57 /* FullHistoryStub.swift */,
				B30FE908212F1AEA0009BF57 /* SocketMessengerStub.swift */,
			);
			path = Stubs;
			sourceTree = "<group>";
		};
		D01BF7CE212AAFA800917DB8 /* Extensions */ = {
			isa = PBXGroup;
			children = (
				B30FE904212ECDAD0009BF57 /* Codable+Extension.swift */,
				B3965B152125952700029585 /* Collection+Extension.swift */,
				D0B6A0D12126EE3600A78E4B /* Data+Extension.swift */,
				B3D1C57D212D94B500D1A7E6 /* BinaryConvertible.swift */,
				D0947041212D5E2D00B55A37 /* String+Extension.swift */,
			);
			path = Extensions;
			sourceTree = "<group>";
		};
		D0B6A0C42126B20900A78E4B /* Operation */ = {
			isa = PBXGroup;
			children = (
				D0B6A0CB2126CB5800A78E4B /* AccountCreateOperation.swift */,
				D0947047212D931800B55A37 /* AccountUpdateOperation.swift */,
				D0B6A0C52126B26D00A78E4B /* BaseOperation.swift */,
				D0947049212D932500B55A37 /* CreateAssetOperation.swift */,
				D094704B212D9C7400B55A37 /* IssueAssetOperation.swift */,
				D0B6A0C92126BA9300A78E4B /* OperationType.swift */,
				D094703D212D3ECC00B55A37 /* TransferOperation.swift */,
			);
			path = Operation;
			sourceTree = "<group>";
		};
/* End PBXGroup section */

/* Begin PBXHeadersBuildPhase section */
		B31CB19D20F3772C00FA5532 /* Headers */ = {
			isa = PBXHeadersBuildPhase;
			buildActionMask = 2147483647;
			files = (
				B31CB1A520F3772C00FA5532 /* ECHO.h in Headers */,
				B313B8D5213041250052B266 /* Internal.h in Headers */,
			);
			runOnlyForDeploymentPostprocessing = 0;
		};
/* End PBXHeadersBuildPhase section */

/* Begin PBXNativeTarget section */
		B31CB19F20F3772C00FA5532 /* ECHO */ = {
			isa = PBXNativeTarget;
			buildConfigurationList = B31CB1A820F3772C00FA5532 /* Build configuration list for PBXNativeTarget "ECHO" */;
			buildPhases = (
				B31CB19B20F3772C00FA5532 /* Sources */,
				B31CB19C20F3772C00FA5532 /* Frameworks */,
				B31CB19D20F3772C00FA5532 /* Headers */,
				B31CB19E20F3772C00FA5532 /* Resources */,
				B356019820F38D330097FD38 /* CopyFiles */,
				B356019F20F39F4B0097FD38 /* ShellScript */,
			);
			buildRules = (
			);
			dependencies = (
			);
			name = ECHO;
			productName = ECHO;
			productReference = B31CB1A020F3772C00FA5532 /* ECHO.framework */;
			productType = "com.apple.product-type.framework";
		};
		B3D1C560212C9CCA00D1A7E6 /* ECHOTests */ = {
			isa = PBXNativeTarget;
			buildConfigurationList = B3D1C56B212C9CCA00D1A7E6 /* Build configuration list for PBXNativeTarget "ECHOTests" */;
			buildPhases = (
				B3D1C55D212C9CCA00D1A7E6 /* Sources */,
				B3D1C55E212C9CCA00D1A7E6 /* Frameworks */,
				B3D1C55F212C9CCA00D1A7E6 /* Resources */,
			);
			buildRules = (
			);
			dependencies = (
				B3D1C568212C9CCA00D1A7E6 /* PBXTargetDependency */,
			);
			name = ECHOTests;
			productName = ECHOTests;
			productReference = B3D1C561212C9CCA00D1A7E6 /* ECHOTests.xctest */;
			productType = "com.apple.product-type.bundle.unit-test";
		};
/* End PBXNativeTarget section */

/* Begin PBXProject section */
		B31CB19720F3772C00FA5532 /* Project object */ = {
			isa = PBXProject;
			attributes = {
				LastSwiftUpdateCheck = 0940;
				LastUpgradeCheck = 0940;
				ORGANIZATIONNAME = PixelPlex;
				TargetAttributes = {
					B31CB19F20F3772C00FA5532 = {
						CreatedOnToolsVersion = 9.4.1;
						LastSwiftMigration = 0940;
					};
					B31CB1AD20F377AC00FA5532 = {
						CreatedOnToolsVersion = 9.4.1;
					};
					B3D1C560212C9CCA00D1A7E6 = {
						CreatedOnToolsVersion = 9.4.1;
					};
				};
			};
			buildConfigurationList = B31CB19A20F3772C00FA5532 /* Build configuration list for PBXProject "ECHO" */;
			compatibilityVersion = "Xcode 9.3";
			developmentRegion = en;
			hasScannedForEncodings = 0;
			knownRegions = (
				en,
			);
			mainGroup = B31CB19620F3772C00FA5532;
			productRefGroup = B31CB1A120F3772C00FA5532 /* Products */;
			projectDirPath = "";
			projectRoot = "";
			targets = (
				B31CB19F20F3772C00FA5532 /* ECHO */,
				B31CB1AD20F377AC00FA5532 /* UniversalECHO */,
				B3D1C560212C9CCA00D1A7E6 /* ECHOTests */,
			);
		};
/* End PBXProject section */

/* Begin PBXResourcesBuildPhase section */
		B31CB19E20F3772C00FA5532 /* Resources */ = {
			isa = PBXResourcesBuildPhase;
			buildActionMask = 2147483647;
			files = (
			);
			runOnlyForDeploymentPostprocessing = 0;
		};
		B3D1C55F212C9CCA00D1A7E6 /* Resources */ = {
			isa = PBXResourcesBuildPhase;
			buildActionMask = 2147483647;
			files = (
			);
			runOnlyForDeploymentPostprocessing = 0;
		};
/* End PBXResourcesBuildPhase section */

/* Begin PBXShellScriptBuildPhase section */
		B31CB1B120F377BE00FA5532 /* ShellScript */ = {
			isa = PBXShellScriptBuildPhase;
			buildActionMask = 2147483647;
			files = (
			);
			inputPaths = (
			);
			outputPaths = (
			);
			runOnlyForDeploymentPostprocessing = 0;
			shellPath = /bin/sh;
			shellScript = "#!/bin/sh\nUNIVERSAL_OUTPUTFOLDER=${BUILD_DIR}/${CONFIGURATION}-universal\n# make sure the output directory exists\nmkdir -p \"${UNIVERSAL_OUTPUTFOLDER}\"\n# Step 1. Build Device and Simulator versions. This also include the full bitcode generation of framework\nxcodebuild BITCODE_GENERATION_MODE=bitcode OTHER_CFLAGS=\"-fembed-bitcode\" -target \"${PROJECT_NAME}\" ONLY_ACTIVE_ARCH=NO -configuration ${CONFIGURATION} -sdk iphoneos BUILD_DIR=\"${BUILD_DIR}\" BUILD_ROOT=\"${BUILD_ROOT}\" clean build\nxcodebuild BITCODE_GENERATION_MODE=bitcode OTHER_CFLAGS=\"-fembed-bitcode\" -target \"${PROJECT_NAME}\" ONLY_ACTIVE_ARCH=NO -configuration ${CONFIGURATION} -sdk iphonesimulator BUILD_DIR=\"${BUILD_DIR}\" BUILD_ROOT=\"${BUILD_ROOT}\" clean build\n# Step 2. Copy the framework structure (from iphoneos build) to the universal folder\ncp -R \"${BUILD_DIR}/${CONFIGURATION}-iphoneos/${PROJECT_NAME}.framework\" \"${UNIVERSAL_OUTPUTFOLDER}/\"\n# Step 3. Copy Swift modules (from iphonesimulator build) to the copied framework directory\ncp -R \"${BUILD_DIR}/${CONFIGURATION}-iphonesimulator/${PROJECT_NAME}.framework/Modules/${PROJECT_NAME}.swiftmodule/.\" \"${UNIVERSAL_OUTPUTFOLDER}/${PROJECT_NAME}.framework/Modules/${PROJECT_NAME}.swiftmodule\"\n# Step 4. Create universal binary file using lipo and place the combined executable in the copied framework directory\nlipo -create -output \"${UNIVERSAL_OUTPUTFOLDER}/${PROJECT_NAME}.framework/${PROJECT_NAME}\" \"${BUILD_DIR}/${CONFIGURATION}-iphonesimulator/${PROJECT_NAME}.framework/${PROJECT_NAME}\" \"${BUILD_DIR}/${CONFIGURATION}-iphoneos/${PROJECT_NAME}.framework/${PROJECT_NAME}\"\n# Step 5. Convenience step to copy the framework to the project's directory\ncp -R \"${UNIVERSAL_OUTPUTFOLDER}/${PROJECT_NAME}.framework\" \"${PROJECT_DIR}\"\n# Step 6. Convenience step to open the project's directory in Finder\nopen \"${PROJECT_DIR}\"";
		};
		B356019F20F39F4B0097FD38 /* ShellScript */ = {
			isa = PBXShellScriptBuildPhase;
			buildActionMask = 2147483647;
			files = (
			);
			inputPaths = (
			);
			outputPaths = (
			);
			runOnlyForDeploymentPostprocessing = 0;
			shellPath = /bin/sh;
			shellScript = "if which swiftlint >/dev/null; then\nswiftlint\nelse\necho \"error: SwiftLint does not exist, download it from https://github.com/realm/SwiftLint\"\nexit 1\nfi";
		};
/* End PBXShellScriptBuildPhase section */

/* Begin PBXSourcesBuildPhase section */
		B31CB19B20F3772C00FA5532 /* Sources */ = {
			isa = PBXSourcesBuildPhase;
			buildActionMask = 2147483647;
			files = (
				D0B6A0D02126CDD100A78E4B /* Address.swift in Sources */,
				B370BB5D20F768B1004C4A26 /* CryptoCoreComponent.swift in Sources */,
				B30CAD1820FFD5790048E33E /* Account.swift in Sources */,
				B30CACFF20FF74C80048E33E /* AccountHistoryApiService.swift in Sources */,
				B30CAD0320FF74C80048E33E /* NetworkNodesApiService.swift in Sources */,
				B370BB5920F7623F004C4A26 /* SettingsConfigurator.swift in Sources */,
				B3CA704220F502BE00511F6A /* SocketOperation.swift in Sources */,
				B385970420F6270000B55E59 /* ECHOObject.swift in Sources */,
				D0947048212D931800B55A37 /* AccountUpdateOperation.swift in Sources */,
				B3CA702A20F4A44900511F6A /* InformationFacade.swift in Sources */,
				B348D09921011E7C00C29AE4 /* AddressKeysContainer.swift in Sources */,
				D0B6A0C62126B26D00A78E4B /* BaseOperation.swift in Sources */,
				D094703E212D3ECC00B55A37 /* TransferOperation.swift in Sources */,
				B3CA704720F532E600511F6A /* AccessSocketOperation.swift in Sources */,
				B30CACFA20FF74C80048E33E /* NetworkNodesApiServiceImp.swift in Sources */,
				B3CA704020F4FB0200511F6A /* ECHOSerializable.swift in Sources */,
				B3CA702820F4A43000511F6A /* AuthentificationFacade.swift in Sources */,
				B3CA704520F532BE00511F6A /* BaseSocketOperation.swift in Sources */,
				B3CA702020F4A3A900511F6A /* ECHO.swift in Sources */,
				B3965B182125954200029585 /* PointerArray.swift in Sources */,
				B3CA704D20F53A4500511F6A /* GetAccountHistorySocketOperation.swift in Sources */,
				B38596FA20F6003500B55E59 /* AssetAmount.swift in Sources */,
				B30CAD0020FF74C80048E33E /* NetworkBroadcastApiService.swift in Sources */,
				B30CACFD20FF74C80048E33E /* CryptoApiServiceImp.swift in Sources */,
				D0B6A0CC2126CB5800A78E4B /* AccountCreateOperation.swift in Sources */,
				D01BF7D8212AE77B00917DB8 /* BitassetOptions.swift in Sources */,
				D0B6A0CE2126CD5500A78E4B /* AccountOptions.swift in Sources */,
				D0A1B447212FF04600294683 /* Block.swift in Sources */,
				B370BB5B20F76853004C4A26 /* SocketMessenger.swift in Sources */,
				B313B8D32130411D0052B266 /* Internal.m in Sources */,
				B313B8E021305DAE0052B266 /* CryptoCoreImp.swift in Sources */,
				B30CACFC20FF74C80048E33E /* AccountHistoryApiServiceImp.swift in Sources */,
				B3D1C57E212D94B500D1A7E6 /* BinaryConvertible.swift in Sources */,
				B38596EE20F5ED9A00B55E59 /* GetChainIdSocketOperation.swift in Sources */,
				B3B04C6120F3B2CE003BBD9E /* GrapheneObject.swift in Sources */,
				B38596EC20F5ED6000B55E59 /* GetBlockSocketOperation.swift in Sources */,
				B38596FE20F6009A00B55E59 /* Asset.swift in Sources */,
				B313B8DE21305A080052B266 /* EllipticCurveEncrypterSecp256k1.swift in Sources */,
				B39A7C0B2105F5F7003CC14D /* SubscriptionFacadeImp.swift in Sources */,
				B3A7AA4B20F8C32C002D569D /* RevealFacadeImp.swift in Sources */,
				B38596F820F5F54100B55E59 /* SetSubscribeCallbackSocketOperation.swift in Sources */,
				B39A7C0D2105F601003CC14D /* Statistics.swift in Sources */,
				D0A1B441212E9C5300294683 /* ECHOQueue.swift in Sources */,
				D0B6A0C82126B39100A78E4B /* Extensions.swift in Sources */,
				D01BF7D4212AC7FE00917DB8 /* AccountAuthority.swift in Sources */,
				B38596F020F5EDCD00B55E59 /* GetContractResultSocketOperation.swift in Sources */,
				B30CAD2020FFD5DB0048E33E /* AuthentificationFacadeImp.swift in Sources */,
				B348D0AC210207ED00C29AE4 /* Encoding.swift in Sources */,
				B348D09D21011EBD00C29AE4 /* InformationFacadeImp.swift in Sources */,
				D0947042212D5E2D00B55A37 /* String+Extension.swift in Sources */,
				B3CA703A20F4A7C300511F6A /* UserAccount.swift in Sources */,
				B3CA703C20F4AA3700511F6A /* HistoryItem.swift in Sources */,
				B30CAD1A20FFD58E0048E33E /* Options.swift in Sources */,
				D094704A212D932500B55A37 /* CreateAssetOperation.swift in Sources */,
				B30CAD1720FFD5790048E33E /* AccountBalance.swift in Sources */,
				D01BF7D0212AB00700917DB8 /* Vote.swift in Sources */,
				B30CAD0120FF74C80048E33E /* CryptoApiService.swift in Sources */,
				D0B6A0D22126EE3600A78E4B /* Data+Extension.swift in Sources */,
				D01BF7D6212AC81000917DB8 /* AddressAuthority.swift in Sources */,
				B38596F620F5EEAC00B55E59 /* RequiredFeeSocketOperation.swift in Sources */,
				B3CA702E20F4A46200511F6A /* SubscriptionFacade.swift in Sources */,
				B3CA703020F4A46E00511F6A /* FeeFacade.swift in Sources */,
				B3965B162125952700029585 /* Collection+Extension.swift in Sources */,
				D0B6A0CA2126BA9300A78E4B /* OperationType.swift in Sources */,
				B3CA701E20F49C6800511F6A /* ReslutHandler.swift in Sources */,
				B3CA702C20F4A45400511F6A /* TransactionFacade.swift in Sources */,
				B3CA704B20F5363F00511F6A /* FullAccountSocketOperation.swift in Sources */,
				B385970220F620B700B55E59 /* AssetOptions.swift in Sources */,
				B30CAD0220FF74C80048E33E /* DatabaseApiService.swift in Sources */,
				D01BF7D2212ABE4E00917DB8 /* OptionalValue.swift in Sources */,
				B38596F420F5EE5C00B55E59 /* KeyReferencesSocketOperation.swift in Sources */,
				B3CA703820F4A72C00511F6A /* Error.swift in Sources */,
				B30FE903212ECD780009BF57 /* ECHOResponse.swift in Sources */,
				B3A7AA4920F8C247002D569D /* RevilSocketApiFacade.swift in Sources */,
				B30CACFB20FF74C80048E33E /* NetworkBroadcastApiServiceImp.swift in Sources */,
				B348D09B21011E9D00C29AE4 /* BlockInformation.swift in Sources */,
				B3A8BF6120F7DA3B0041A1D7 /* SocketCoreComponentImp.swift in Sources */,
				B3CA704920F5358400511F6A /* BlockDataSocketOperation.swift in Sources */,
				B30FE905212ECDAD0009BF57 /* Codable+Extension.swift in Sources */,
				B313B8DD21305A080052B266 /* Crypto.swift in Sources */,
				B30CAD0420FF74C80048E33E /* ApiIdentifireHolder.swift in Sources */,
				B30CAD2820FFF9E70048E33E /* ECHOKeychain.swift in Sources */,
				B30CAD1C20FFD5A10048E33E /* Authority.swift in Sources */,
				B38596EA20F5ECBA00B55E59 /* GetAssetsSocketOperation.swift in Sources */,
				B3A8BF6320F7DA4F0041A1D7 /* SocketMessanger.swift in Sources */,
				D094704C212D9C7400B55A37 /* IssueAssetOperation.swift in Sources */,
				B30CACFE20FF74C80048E33E /* DatabaseApiServiceImp.swift in Sources */,
				B38596FC20F6005500B55E59 /* Price.swift in Sources */,
				D0947040212D3FEE00B55A37 /* Memo.swift in Sources */,
				B38596F220F5EE1400B55E59 /* GetObjectsSocketOperation.swift in Sources */,
				B35F15AA20F3ABAE000CE3EA /* ObjectType.swift in Sources */,
			);
			runOnlyForDeploymentPostprocessing = 0;
		};
		B3D1C55D212C9CCA00D1A7E6 /* Sources */ = {
			isa = PBXSourcesBuildPhase;
			buildActionMask = 2147483647;
			files = (
				B3D1C584212DA5A500D1A7E6 /* AccountBalanceStub.swift in Sources */,
				B3D1C586212DA63500D1A7E6 /* AccountStub.swift in Sources */,
				B3D1C58A212DA6B000D1A7E6 /* StatisticStub.swift in Sources */,
				B30FE909212F1AEA0009BF57 /* SocketMessengerStub.swift in Sources */,
				B3D1C58E212DA92500D1A7E6 /* JsonEncodingTests.swift in Sources */,
				B3D1C582212DA10400D1A7E6 /* FullAccountStub.swift in Sources */,
				B30FE907212EFA0D0009BF57 /* FullHistoryStub.swift in Sources */,
				B3D1C588212DA67300D1A7E6 /* AuthorityStub.swift in Sources */,
				B3D1C57C212D4D8100D1A7E6 /* DataEncodingTests.swift in Sources */,
				B3D1C58C212DA6E700D1A7E6 /* OptionsStub.swift in Sources */,
				B30FE90C212F2AE70009BF57 /* AccountSocketRequestStub.swift in Sources */,
				B30FE90E212F2DAE0009BF57 /* FakeSocketCoreComponentTests.swift in Sources */,
				B313B8C1212FF9850052B266 /* ECHOInterfaceTests.swift in Sources */,
				B3D1C57A212C9D4900D1A7E6 /* JsonDecodingTests.swift in Sources */,
			);
			runOnlyForDeploymentPostprocessing = 0;
		};
/* End PBXSourcesBuildPhase section */

/* Begin PBXTargetDependency section */
		B3D1C568212C9CCA00D1A7E6 /* PBXTargetDependency */ = {
			isa = PBXTargetDependency;
			target = B31CB19F20F3772C00FA5532 /* ECHO */;
			targetProxy = B3D1C567212C9CCA00D1A7E6 /* PBXContainerItemProxy */;
		};
/* End PBXTargetDependency section */

/* Begin XCBuildConfiguration section */
		B31CB1A620F3772C00FA5532 /* Debug */ = {
			isa = XCBuildConfiguration;
			buildSettings = {
				ALWAYS_SEARCH_USER_PATHS = NO;
				CLANG_ANALYZER_NONNULL = YES;
				CLANG_ANALYZER_NUMBER_OBJECT_CONVERSION = YES_AGGRESSIVE;
				CLANG_CXX_LANGUAGE_STANDARD = "gnu++14";
				CLANG_CXX_LIBRARY = "libc++";
				CLANG_ENABLE_MODULES = YES;
				CLANG_ENABLE_OBJC_ARC = YES;
				CLANG_ENABLE_OBJC_WEAK = YES;
				CLANG_WARN_BLOCK_CAPTURE_AUTORELEASING = YES;
				CLANG_WARN_BOOL_CONVERSION = YES;
				CLANG_WARN_COMMA = YES;
				CLANG_WARN_CONSTANT_CONVERSION = YES;
				CLANG_WARN_DEPRECATED_OBJC_IMPLEMENTATIONS = YES;
				CLANG_WARN_DIRECT_OBJC_ISA_USAGE = YES_ERROR;
				CLANG_WARN_DOCUMENTATION_COMMENTS = YES;
				CLANG_WARN_EMPTY_BODY = YES;
				CLANG_WARN_ENUM_CONVERSION = YES;
				CLANG_WARN_INFINITE_RECURSION = YES;
				CLANG_WARN_INT_CONVERSION = YES;
				CLANG_WARN_NON_LITERAL_NULL_CONVERSION = YES;
				CLANG_WARN_OBJC_IMPLICIT_RETAIN_SELF = YES;
				CLANG_WARN_OBJC_LITERAL_CONVERSION = YES;
				CLANG_WARN_OBJC_ROOT_CLASS = YES_ERROR;
				CLANG_WARN_RANGE_LOOP_ANALYSIS = YES;
				CLANG_WARN_STRICT_PROTOTYPES = YES;
				CLANG_WARN_SUSPICIOUS_MOVE = YES;
				CLANG_WARN_UNGUARDED_AVAILABILITY = YES_AGGRESSIVE;
				CLANG_WARN_UNREACHABLE_CODE = YES;
				CLANG_WARN__DUPLICATE_METHOD_MATCH = YES;
				CODE_SIGN_IDENTITY = "iPhone Developer";
				COPY_PHASE_STRIP = NO;
				CURRENT_PROJECT_VERSION = 1;
				DEBUG_INFORMATION_FORMAT = dwarf;
				ENABLE_STRICT_OBJC_MSGSEND = YES;
				ENABLE_TESTABILITY = YES;
				GCC_C_LANGUAGE_STANDARD = gnu11;
				GCC_DYNAMIC_NO_PIC = NO;
				GCC_NO_COMMON_BLOCKS = YES;
				GCC_OPTIMIZATION_LEVEL = 0;
				GCC_PREPROCESSOR_DEFINITIONS = (
					"DEBUG=1",
					"$(inherited)",
				);
				GCC_WARN_64_TO_32_BIT_CONVERSION = YES;
				GCC_WARN_ABOUT_RETURN_TYPE = YES_ERROR;
				GCC_WARN_UNDECLARED_SELECTOR = YES;
				GCC_WARN_UNINITIALIZED_AUTOS = YES_AGGRESSIVE;
				GCC_WARN_UNUSED_FUNCTION = YES;
				GCC_WARN_UNUSED_VARIABLE = YES;
				HEADER_SEARCH_PATHS = "";
				IPHONEOS_DEPLOYMENT_TARGET = 11.4;
				LIBRARY_SEARCH_PATHS = "";
				MTL_ENABLE_DEBUG_INFO = YES;
				ONLY_ACTIVE_ARCH = YES;
				SDKROOT = iphoneos;
				SWIFT_ACTIVE_COMPILATION_CONDITIONS = DEBUG;
				SWIFT_OPTIMIZATION_LEVEL = "-Onone";
				VERSIONING_SYSTEM = "apple-generic";
				VERSION_INFO_PREFIX = "";
			};
			name = Debug;
		};
		B31CB1A720F3772C00FA5532 /* Release */ = {
			isa = XCBuildConfiguration;
			buildSettings = {
				ALWAYS_SEARCH_USER_PATHS = NO;
				CLANG_ANALYZER_NONNULL = YES;
				CLANG_ANALYZER_NUMBER_OBJECT_CONVERSION = YES_AGGRESSIVE;
				CLANG_CXX_LANGUAGE_STANDARD = "gnu++14";
				CLANG_CXX_LIBRARY = "libc++";
				CLANG_ENABLE_MODULES = YES;
				CLANG_ENABLE_OBJC_ARC = YES;
				CLANG_ENABLE_OBJC_WEAK = YES;
				CLANG_WARN_BLOCK_CAPTURE_AUTORELEASING = YES;
				CLANG_WARN_BOOL_CONVERSION = YES;
				CLANG_WARN_COMMA = YES;
				CLANG_WARN_CONSTANT_CONVERSION = YES;
				CLANG_WARN_DEPRECATED_OBJC_IMPLEMENTATIONS = YES;
				CLANG_WARN_DIRECT_OBJC_ISA_USAGE = YES_ERROR;
				CLANG_WARN_DOCUMENTATION_COMMENTS = YES;
				CLANG_WARN_EMPTY_BODY = YES;
				CLANG_WARN_ENUM_CONVERSION = YES;
				CLANG_WARN_INFINITE_RECURSION = YES;
				CLANG_WARN_INT_CONVERSION = YES;
				CLANG_WARN_NON_LITERAL_NULL_CONVERSION = YES;
				CLANG_WARN_OBJC_IMPLICIT_RETAIN_SELF = YES;
				CLANG_WARN_OBJC_LITERAL_CONVERSION = YES;
				CLANG_WARN_OBJC_ROOT_CLASS = YES_ERROR;
				CLANG_WARN_RANGE_LOOP_ANALYSIS = YES;
				CLANG_WARN_STRICT_PROTOTYPES = YES;
				CLANG_WARN_SUSPICIOUS_MOVE = YES;
				CLANG_WARN_UNGUARDED_AVAILABILITY = YES_AGGRESSIVE;
				CLANG_WARN_UNREACHABLE_CODE = YES;
				CLANG_WARN__DUPLICATE_METHOD_MATCH = YES;
				CODE_SIGN_IDENTITY = "iPhone Developer";
				COPY_PHASE_STRIP = NO;
				CURRENT_PROJECT_VERSION = 1;
				DEBUG_INFORMATION_FORMAT = "dwarf-with-dsym";
				ENABLE_NS_ASSERTIONS = NO;
				ENABLE_STRICT_OBJC_MSGSEND = YES;
				GCC_C_LANGUAGE_STANDARD = gnu11;
				GCC_NO_COMMON_BLOCKS = YES;
				GCC_WARN_64_TO_32_BIT_CONVERSION = YES;
				GCC_WARN_ABOUT_RETURN_TYPE = YES_ERROR;
				GCC_WARN_UNDECLARED_SELECTOR = YES;
				GCC_WARN_UNINITIALIZED_AUTOS = YES_AGGRESSIVE;
				GCC_WARN_UNUSED_FUNCTION = YES;
				GCC_WARN_UNUSED_VARIABLE = YES;
				HEADER_SEARCH_PATHS = "";
				IPHONEOS_DEPLOYMENT_TARGET = 11.4;
				LIBRARY_SEARCH_PATHS = "";
				MTL_ENABLE_DEBUG_INFO = NO;
				SDKROOT = iphoneos;
				SWIFT_COMPILATION_MODE = wholemodule;
				SWIFT_OPTIMIZATION_LEVEL = "-O";
				VALIDATE_PRODUCT = YES;
				VERSIONING_SYSTEM = "apple-generic";
				VERSION_INFO_PREFIX = "";
			};
			name = Release;
		};
		B31CB1A920F3772C00FA5532 /* Debug */ = {
			isa = XCBuildConfiguration;
			buildSettings = {
				CLANG_ENABLE_MODULES = YES;
				CODE_SIGN_IDENTITY = "";
				CODE_SIGN_STYLE = Automatic;
				DEFINES_MODULE = YES;
				DEVELOPMENT_TEAM = Q7Q43CUMWT;
				DYLIB_COMPATIBILITY_VERSION = 1;
				DYLIB_CURRENT_VERSION = 1;
				DYLIB_INSTALL_NAME_BASE = "@rpath";
				FRAMEWORK_SEARCH_PATHS = (
					"$(inherited)",
					"$(PROJECT_DIR)/Carthage/Build/iOS",
				);
				HEADER_SEARCH_PATHS = (
					"$(SRCROOT)/Libraries/secp256k1/include",
					"$(SRCROOT)/Libraries/openssl/include",
				);
				INFOPLIST_FILE = ECHO/Info.plist;
				INSTALL_PATH = "$(LOCAL_LIBRARY_DIR)/Frameworks";
				IPHONEOS_DEPLOYMENT_TARGET = 9.0;
				LD_RUNPATH_SEARCH_PATHS = (
					"$(inherited)",
					"@executable_path/Frameworks",
					"@loader_path/Frameworks",
				);
				LIBRARY_SEARCH_PATHS = (
					"$(SRCROOT)/Libraries/secp256k1/lib",
					"$(SRCROOT)/Libraries/openssl/lib",
				);
				MODULEMAP_FILE = "./ECHO/Supports Files/ECHO.modulemap";
				PRODUCT_BUNDLE_IDENTIFIER = com.pixelplex.ECHO;
				PRODUCT_NAME = "$(TARGET_NAME:c99extidentifier)";
				SKIP_INSTALL = YES;
				SWIFT_INCLUDE_PATHS = "$(SRCROOT)/Libraries $(SRCROOT)";
				SWIFT_OPTIMIZATION_LEVEL = "-Onone";
				SWIFT_VERSION = 4.0;
				TARGETED_DEVICE_FAMILY = "1,2";
			};
			name = Debug;
		};
		B31CB1AA20F3772C00FA5532 /* Release */ = {
			isa = XCBuildConfiguration;
			buildSettings = {
				CLANG_ENABLE_MODULES = YES;
				CODE_SIGN_IDENTITY = "";
				CODE_SIGN_STYLE = Automatic;
				DEFINES_MODULE = YES;
				DEVELOPMENT_TEAM = Q7Q43CUMWT;
				DYLIB_COMPATIBILITY_VERSION = 1;
				DYLIB_CURRENT_VERSION = 1;
				DYLIB_INSTALL_NAME_BASE = "@rpath";
				FRAMEWORK_SEARCH_PATHS = (
					"$(inherited)",
					"$(PROJECT_DIR)/Carthage/Build/iOS",
				);
				HEADER_SEARCH_PATHS = (
					"$(SRCROOT)/Libraries/secp256k1/include",
					"$(SRCROOT)/Libraries/openssl/include",
				);
				INFOPLIST_FILE = ECHO/Info.plist;
				INSTALL_PATH = "$(LOCAL_LIBRARY_DIR)/Frameworks";
				IPHONEOS_DEPLOYMENT_TARGET = 9.0;
				LD_RUNPATH_SEARCH_PATHS = (
					"$(inherited)",
					"@executable_path/Frameworks",
					"@loader_path/Frameworks",
				);
				LIBRARY_SEARCH_PATHS = (
					"$(SRCROOT)/Libraries/secp256k1/lib",
					"$(SRCROOT)/Libraries/openssl/lib",
				);
				MODULEMAP_FILE = "./ECHO/Supports Files/ECHO.modulemap";
				PRODUCT_BUNDLE_IDENTIFIER = com.pixelplex.ECHO;
				PRODUCT_NAME = "$(TARGET_NAME:c99extidentifier)";
				SKIP_INSTALL = YES;
				SWIFT_INCLUDE_PATHS = "$(SRCROOT)/Libraries $(SRCROOT)";
				SWIFT_VERSION = 4.0;
				TARGETED_DEVICE_FAMILY = "1,2";
			};
			name = Release;
		};
		B31CB1AF20F377AC00FA5532 /* Debug */ = {
			isa = XCBuildConfiguration;
			buildSettings = {
				CODE_SIGN_STYLE = Automatic;
				DEVELOPMENT_TEAM = Q7Q43CUMWT;
				OTHER_CFLAGS = "-fembed-bitcode";
				PRODUCT_NAME = "$(TARGET_NAME)";
			};
			name = Debug;
		};
		B31CB1B020F377AC00FA5532 /* Release */ = {
			isa = XCBuildConfiguration;
			buildSettings = {
				CODE_SIGN_STYLE = Automatic;
				DEVELOPMENT_TEAM = Q7Q43CUMWT;
				OTHER_CFLAGS = "-fembed-bitcode";
				PRODUCT_NAME = "$(TARGET_NAME)";
			};
			name = Release;
		};
		B3D1C569212C9CCA00D1A7E6 /* Debug */ = {
			isa = XCBuildConfiguration;
			buildSettings = {
				CODE_SIGN_STYLE = Automatic;
				DEVELOPMENT_TEAM = Q7Q43CUMWT;
				HEADER_SEARCH_PATHS = "";
				INFOPLIST_FILE = ECHOTests/Info.plist;
				LD_RUNPATH_SEARCH_PATHS = (
					"$(inherited)",
					"@executable_path/Frameworks",
					"@loader_path/Frameworks",
					"$(inherited)",
					"$(PROJECT_DIR)/Carthage/Build/iOS",
				);
				LIBRARY_SEARCH_PATHS = "";
				MODULEMAP_FILE = "";
				PRODUCT_BUNDLE_IDENTIFIER = com.pixelplex.ECHOTests;
				PRODUCT_NAME = "$(TARGET_NAME)";
				SWIFT_OBJC_BRIDGING_HEADER = "";
				SWIFT_VERSION = 4.0;
				TARGETED_DEVICE_FAMILY = "1,2";
			};
			name = Debug;
		};
		B3D1C56A212C9CCA00D1A7E6 /* Release */ = {
			isa = XCBuildConfiguration;
			buildSettings = {
				CODE_SIGN_STYLE = Automatic;
				DEVELOPMENT_TEAM = Q7Q43CUMWT;
				HEADER_SEARCH_PATHS = "";
				INFOPLIST_FILE = ECHOTests/Info.plist;
				LD_RUNPATH_SEARCH_PATHS = (
					"$(inherited)",
					"@executable_path/Frameworks",
					"@loader_path/Frameworks",
					"$(inherited)",
					"$(PROJECT_DIR)/Carthage/Build/iOS",
				);
				LIBRARY_SEARCH_PATHS = "";
				MODULEMAP_FILE = "";
				PRODUCT_BUNDLE_IDENTIFIER = com.pixelplex.ECHOTests;
				PRODUCT_NAME = "$(TARGET_NAME)";
				SWIFT_OBJC_BRIDGING_HEADER = "";
				SWIFT_VERSION = 4.0;
				TARGETED_DEVICE_FAMILY = "1,2";
			};
			name = Release;
		};
/* End XCBuildConfiguration section */

/* Begin XCConfigurationList section */
		B31CB19A20F3772C00FA5532 /* Build configuration list for PBXProject "ECHO" */ = {
			isa = XCConfigurationList;
			buildConfigurations = (
				B31CB1A620F3772C00FA5532 /* Debug */,
				B31CB1A720F3772C00FA5532 /* Release */,
			);
			defaultConfigurationIsVisible = 0;
			defaultConfigurationName = Release;
		};
		B31CB1A820F3772C00FA5532 /* Build configuration list for PBXNativeTarget "ECHO" */ = {
			isa = XCConfigurationList;
			buildConfigurations = (
				B31CB1A920F3772C00FA5532 /* Debug */,
				B31CB1AA20F3772C00FA5532 /* Release */,
			);
			defaultConfigurationIsVisible = 0;
			defaultConfigurationName = Release;
		};
		B31CB1AE20F377AC00FA5532 /* Build configuration list for PBXAggregateTarget "UniversalECHO" */ = {
			isa = XCConfigurationList;
			buildConfigurations = (
				B31CB1AF20F377AC00FA5532 /* Debug */,
				B31CB1B020F377AC00FA5532 /* Release */,
			);
			defaultConfigurationIsVisible = 0;
			defaultConfigurationName = Release;
		};
		B3D1C56B212C9CCA00D1A7E6 /* Build configuration list for PBXNativeTarget "ECHOTests" */ = {
			isa = XCConfigurationList;
			buildConfigurations = (
				B3D1C569212C9CCA00D1A7E6 /* Debug */,
				B3D1C56A212C9CCA00D1A7E6 /* Release */,
			);
			defaultConfigurationIsVisible = 0;
			defaultConfigurationName = Release;
		};
/* End XCConfigurationList section */
	};
	rootObject = B31CB19720F3772C00FA5532 /* Project object */;
}
