// !$*UTF8*$!
{
	archiveVersion = 1;
	classes = {
	};
	objectVersion = 50;
	objects = {

/* Begin PBXAggregateTarget section */
		B31CB1AD20F377AC00FA5532 /* UniversalECHO */ = {
			isa = PBXAggregateTarget;
			buildConfigurationList = B31CB1AE20F377AC00FA5532 /* Build configuration list for PBXAggregateTarget "UniversalECHO" */;
			buildPhases = (
				B31CB1B120F377BE00FA5532 /* ShellScript */,
				B356019220F38C820097FD38 /* CopyFiles */,
			);
			dependencies = (
			);
			name = UniversalECHO;
			productName = UniversalECHO;
		};
/* End PBXAggregateTarget section */

/* Begin PBXBuildFile section */
		B31CB1A520F3772C00FA5532 /* ECHO.h in Headers */ = {isa = PBXBuildFile; fileRef = B31CB1A320F3772C00FA5532 /* ECHO.h */; settings = {ATTRIBUTES = (Public, ); }; };
		B356019420F38CB50097FD38 /* BitcoinKit.framework in CopyFiles */ = {isa = PBXBuildFile; fileRef = B356019320F38CB50097FD38 /* BitcoinKit.framework */; settings = {ATTRIBUTES = (CodeSignOnCopy, RemoveHeadersOnCopy, ); }; };
		B356019620F38D170097FD38 /* BitcoinKit.framework in Frameworks */ = {isa = PBXBuildFile; fileRef = B356019320F38CB50097FD38 /* BitcoinKit.framework */; };
		B356019920F38D380097FD38 /* BitcoinKit.framework in CopyFiles */ = {isa = PBXBuildFile; fileRef = B356019320F38CB50097FD38 /* BitcoinKit.framework */; settings = {ATTRIBUTES = (CodeSignOnCopy, RemoveHeadersOnCopy, ); }; };
		B35F15AA20F3ABAE000CE3EA /* ObjectType.swift in Sources */ = {isa = PBXBuildFile; fileRef = B35F15A920F3ABAE000CE3EA /* ObjectType.swift */; };
		B38596EA20F5ECBA00B55E59 /* GetAssetsSocketOperation.swift in Sources */ = {isa = PBXBuildFile; fileRef = B38596E920F5ECBA00B55E59 /* GetAssetsSocketOperation.swift */; };
		B38596EC20F5ED6000B55E59 /* GetBlockSocketOperation.swift in Sources */ = {isa = PBXBuildFile; fileRef = B38596EB20F5ED6000B55E59 /* GetBlockSocketOperation.swift */; };
		B38596EE20F5ED9A00B55E59 /* GetChainIdSocketOperation.swift in Sources */ = {isa = PBXBuildFile; fileRef = B38596ED20F5ED9A00B55E59 /* GetChainIdSocketOperation.swift */; };
		B38596F020F5EDCD00B55E59 /* GetContractResultSocketOperation.swift in Sources */ = {isa = PBXBuildFile; fileRef = B38596EF20F5EDCD00B55E59 /* GetContractResultSocketOperation.swift */; };
		B38596F220F5EE1400B55E59 /* GetObjectsSocketOperation.swift in Sources */ = {isa = PBXBuildFile; fileRef = B38596F120F5EE1400B55E59 /* GetObjectsSocketOperation.swift */; };
		B38596F420F5EE5C00B55E59 /* KeyReferencesSocketOperation.swift in Sources */ = {isa = PBXBuildFile; fileRef = B38596F320F5EE5C00B55E59 /* KeyReferencesSocketOperation.swift */; };
		B38596F620F5EEAC00B55E59 /* RequiredFeeSocketOperation.swift in Sources */ = {isa = PBXBuildFile; fileRef = B38596F520F5EEAC00B55E59 /* RequiredFeeSocketOperation.swift */; };
		B38596F820F5F54100B55E59 /* SetSubscribeCallbackSocketOperation.swift in Sources */ = {isa = PBXBuildFile; fileRef = B38596F720F5F54100B55E59 /* SetSubscribeCallbackSocketOperation.swift */; };
		B38596FA20F6003500B55E59 /* AssetAmount.swift in Sources */ = {isa = PBXBuildFile; fileRef = B38596F920F6003500B55E59 /* AssetAmount.swift */; };
		B38596FC20F6005500B55E59 /* Price.swift in Sources */ = {isa = PBXBuildFile; fileRef = B38596FB20F6005500B55E59 /* Price.swift */; };
		B38596FE20F6009A00B55E59 /* Asset.swift in Sources */ = {isa = PBXBuildFile; fileRef = B38596FD20F6009A00B55E59 /* Asset.swift */; };
		B385970220F620B700B55E59 /* AssetOptions.swift in Sources */ = {isa = PBXBuildFile; fileRef = B385970120F620B700B55E59 /* AssetOptions.swift */; };
		B385970420F6270000B55E59 /* ECHOObject.swift in Sources */ = {isa = PBXBuildFile; fileRef = B385970320F6270000B55E59 /* ECHOObject.swift */; };
		B3B04C6120F3B2CE003BBD9E /* GrapheneObject.swift in Sources */ = {isa = PBXBuildFile; fileRef = B3B04C6020F3B2CE003BBD9E /* GrapheneObject.swift */; };
		B3CA701E20F49C6800511F6A /* ReslutHandler.swift in Sources */ = {isa = PBXBuildFile; fileRef = B3CA701D20F49C6800511F6A /* ReslutHandler.swift */; };
		B3CA702020F4A3A900511F6A /* ECHO.swift in Sources */ = {isa = PBXBuildFile; fileRef = B3CA701F20F4A3A900511F6A /* ECHO.swift */; };
		B3CA702820F4A43000511F6A /* AuthentificationFacade.swift in Sources */ = {isa = PBXBuildFile; fileRef = B3CA702720F4A43000511F6A /* AuthentificationFacade.swift */; };
		B3CA702A20F4A44900511F6A /* InformationFacade.swift in Sources */ = {isa = PBXBuildFile; fileRef = B3CA702920F4A44900511F6A /* InformationFacade.swift */; };
		B3CA702C20F4A45400511F6A /* TransactionFacade.swift in Sources */ = {isa = PBXBuildFile; fileRef = B3CA702B20F4A45400511F6A /* TransactionFacade.swift */; };
		B3CA702E20F4A46200511F6A /* SubscriptionFacade.swift in Sources */ = {isa = PBXBuildFile; fileRef = B3CA702D20F4A46200511F6A /* SubscriptionFacade.swift */; };
		B3CA703020F4A46E00511F6A /* FeeFacade.swift in Sources */ = {isa = PBXBuildFile; fileRef = B3CA702F20F4A46E00511F6A /* FeeFacade.swift */; };
		B3CA703820F4A72C00511F6A /* Error.swift in Sources */ = {isa = PBXBuildFile; fileRef = B3CA703720F4A72C00511F6A /* Error.swift */; };
		B3CA703A20F4A7C300511F6A /* UserAccount.swift in Sources */ = {isa = PBXBuildFile; fileRef = B3CA703920F4A7C300511F6A /* UserAccount.swift */; };
		B3CA703C20F4AA3700511F6A /* HistoryItem.swift in Sources */ = {isa = PBXBuildFile; fileRef = B3CA703B20F4AA3700511F6A /* HistoryItem.swift */; };
		B3CA704020F4FB0200511F6A /* ECHOSerializable.swift in Sources */ = {isa = PBXBuildFile; fileRef = B3CA703F20F4FB0200511F6A /* ECHOSerializable.swift */; };
		B3CA704220F502BE00511F6A /* SocketOperation.swift in Sources */ = {isa = PBXBuildFile; fileRef = B3CA704120F502BE00511F6A /* SocketOperation.swift */; };
		B3CA704520F532BE00511F6A /* BaseSocketOperation.swift in Sources */ = {isa = PBXBuildFile; fileRef = B3CA704420F532BE00511F6A /* BaseSocketOperation.swift */; };
		B3CA704720F532E600511F6A /* AccessSocketOperation.swift in Sources */ = {isa = PBXBuildFile; fileRef = B3CA704620F532E600511F6A /* AccessSocketOperation.swift */; };
		B3CA704920F5358400511F6A /* BlockDataSocketOperation.swift in Sources */ = {isa = PBXBuildFile; fileRef = B3CA704820F5358400511F6A /* BlockDataSocketOperation.swift */; };
		B3CA704B20F5363F00511F6A /* FullAccountSocketOperation.swift in Sources */ = {isa = PBXBuildFile; fileRef = B3CA704A20F5363F00511F6A /* FullAccountSocketOperation.swift */; };
		B3CA704D20F53A4500511F6A /* GetAccountHistorySocketOperation.swift in Sources */ = {isa = PBXBuildFile; fileRef = B3CA704C20F53A4500511F6A /* GetAccountHistorySocketOperation.swift */; };
/* End PBXBuildFile section */

/* Begin PBXCopyFilesBuildPhase section */
		B356019220F38C820097FD38 /* CopyFiles */ = {
			isa = PBXCopyFilesBuildPhase;
			buildActionMask = 2147483647;
			dstPath = "";
			dstSubfolderSpec = 7;
			files = (
				B356019420F38CB50097FD38 /* BitcoinKit.framework in CopyFiles */,
			);
			runOnlyForDeploymentPostprocessing = 0;
		};
		B356019820F38D330097FD38 /* CopyFiles */ = {
			isa = PBXCopyFilesBuildPhase;
			buildActionMask = 2147483647;
			dstPath = "";
			dstSubfolderSpec = 7;
			files = (
				B356019920F38D380097FD38 /* BitcoinKit.framework in CopyFiles */,
			);
			runOnlyForDeploymentPostprocessing = 0;
		};
/* End PBXCopyFilesBuildPhase section */

/* Begin PBXFileReference section */
		B31CB1A020F3772C00FA5532 /* ECHO.framework */ = {isa = PBXFileReference; explicitFileType = wrapper.framework; includeInIndex = 0; path = ECHO.framework; sourceTree = BUILT_PRODUCTS_DIR; };
		B31CB1A320F3772C00FA5532 /* ECHO.h */ = {isa = PBXFileReference; lastKnownFileType = sourcecode.c.h; path = ECHO.h; sourceTree = "<group>"; };
		B31CB1A420F3772C00FA5532 /* Info.plist */ = {isa = PBXFileReference; lastKnownFileType = text.plist.xml; path = Info.plist; sourceTree = "<group>"; };
		B356019320F38CB50097FD38 /* BitcoinKit.framework */ = {isa = PBXFileReference; lastKnownFileType = wrapper.framework; path = BitcoinKit.framework; sourceTree = "<group>"; };
		B35F15A920F3ABAE000CE3EA /* ObjectType.swift */ = {isa = PBXFileReference; lastKnownFileType = sourcecode.swift; path = ObjectType.swift; sourceTree = "<group>"; };
		B38596E920F5ECBA00B55E59 /* GetAssetsSocketOperation.swift */ = {isa = PBXFileReference; lastKnownFileType = sourcecode.swift; path = GetAssetsSocketOperation.swift; sourceTree = "<group>"; };
		B38596EB20F5ED6000B55E59 /* GetBlockSocketOperation.swift */ = {isa = PBXFileReference; lastKnownFileType = sourcecode.swift; path = GetBlockSocketOperation.swift; sourceTree = "<group>"; };
		B38596ED20F5ED9A00B55E59 /* GetChainIdSocketOperation.swift */ = {isa = PBXFileReference; lastKnownFileType = sourcecode.swift; path = GetChainIdSocketOperation.swift; sourceTree = "<group>"; };
		B38596EF20F5EDCD00B55E59 /* GetContractResultSocketOperation.swift */ = {isa = PBXFileReference; lastKnownFileType = sourcecode.swift; path = GetContractResultSocketOperation.swift; sourceTree = "<group>"; };
		B38596F120F5EE1400B55E59 /* GetObjectsSocketOperation.swift */ = {isa = PBXFileReference; lastKnownFileType = sourcecode.swift; path = GetObjectsSocketOperation.swift; sourceTree = "<group>"; };
		B38596F320F5EE5C00B55E59 /* KeyReferencesSocketOperation.swift */ = {isa = PBXFileReference; lastKnownFileType = sourcecode.swift; path = KeyReferencesSocketOperation.swift; sourceTree = "<group>"; };
		B38596F520F5EEAC00B55E59 /* RequiredFeeSocketOperation.swift */ = {isa = PBXFileReference; lastKnownFileType = sourcecode.swift; path = RequiredFeeSocketOperation.swift; sourceTree = "<group>"; };
		B38596F720F5F54100B55E59 /* SetSubscribeCallbackSocketOperation.swift */ = {isa = PBXFileReference; lastKnownFileType = sourcecode.swift; path = SetSubscribeCallbackSocketOperation.swift; sourceTree = "<group>"; };
		B38596F920F6003500B55E59 /* AssetAmount.swift */ = {isa = PBXFileReference; lastKnownFileType = sourcecode.swift; path = AssetAmount.swift; sourceTree = "<group>"; };
		B38596FB20F6005500B55E59 /* Price.swift */ = {isa = PBXFileReference; lastKnownFileType = sourcecode.swift; path = Price.swift; sourceTree = "<group>"; };
		B38596FD20F6009A00B55E59 /* Asset.swift */ = {isa = PBXFileReference; lastKnownFileType = sourcecode.swift; path = Asset.swift; sourceTree = "<group>"; };
		B385970120F620B700B55E59 /* AssetOptions.swift */ = {isa = PBXFileReference; lastKnownFileType = sourcecode.swift; path = AssetOptions.swift; sourceTree = "<group>"; };
		B385970320F6270000B55E59 /* ECHOObject.swift */ = {isa = PBXFileReference; lastKnownFileType = sourcecode.swift; path = ECHOObject.swift; sourceTree = "<group>"; };
		B3B04C6020F3B2CE003BBD9E /* GrapheneObject.swift */ = {isa = PBXFileReference; lastKnownFileType = sourcecode.swift; path = GrapheneObject.swift; sourceTree = "<group>"; };
		B3CA701D20F49C6800511F6A /* ReslutHandler.swift */ = {isa = PBXFileReference; lastKnownFileType = sourcecode.swift; path = ReslutHandler.swift; sourceTree = "<group>"; };
		B3CA701F20F4A3A900511F6A /* ECHO.swift */ = {isa = PBXFileReference; lastKnownFileType = sourcecode.swift; path = ECHO.swift; sourceTree = "<group>"; };
		B3CA702720F4A43000511F6A /* AuthentificationFacade.swift */ = {isa = PBXFileReference; lastKnownFileType = sourcecode.swift; path = AuthentificationFacade.swift; sourceTree = "<group>"; };
		B3CA702920F4A44900511F6A /* InformationFacade.swift */ = {isa = PBXFileReference; lastKnownFileType = sourcecode.swift; path = InformationFacade.swift; sourceTree = "<group>"; };
		B3CA702B20F4A45400511F6A /* TransactionFacade.swift */ = {isa = PBXFileReference; lastKnownFileType = sourcecode.swift; path = TransactionFacade.swift; sourceTree = "<group>"; };
		B3CA702D20F4A46200511F6A /* SubscriptionFacade.swift */ = {isa = PBXFileReference; lastKnownFileType = sourcecode.swift; path = SubscriptionFacade.swift; sourceTree = "<group>"; };
		B3CA702F20F4A46E00511F6A /* FeeFacade.swift */ = {isa = PBXFileReference; lastKnownFileType = sourcecode.swift; path = FeeFacade.swift; sourceTree = "<group>"; };
		B3CA703720F4A72C00511F6A /* Error.swift */ = {isa = PBXFileReference; lastKnownFileType = sourcecode.swift; path = Error.swift; sourceTree = "<group>"; };
		B3CA703920F4A7C300511F6A /* UserAccount.swift */ = {isa = PBXFileReference; lastKnownFileType = sourcecode.swift; path = UserAccount.swift; sourceTree = "<group>"; };
		B3CA703B20F4AA3700511F6A /* HistoryItem.swift */ = {isa = PBXFileReference; lastKnownFileType = sourcecode.swift; path = HistoryItem.swift; sourceTree = "<group>"; };
		B3CA703F20F4FB0200511F6A /* ECHOSerializable.swift */ = {isa = PBXFileReference; lastKnownFileType = sourcecode.swift; path = ECHOSerializable.swift; sourceTree = "<group>"; };
		B3CA704120F502BE00511F6A /* SocketOperation.swift */ = {isa = PBXFileReference; lastKnownFileType = sourcecode.swift; path = SocketOperation.swift; sourceTree = "<group>"; };
		B3CA704420F532BE00511F6A /* BaseSocketOperation.swift */ = {isa = PBXFileReference; lastKnownFileType = sourcecode.swift; path = BaseSocketOperation.swift; sourceTree = "<group>"; };
		B3CA704620F532E600511F6A /* AccessSocketOperation.swift */ = {isa = PBXFileReference; lastKnownFileType = sourcecode.swift; path = AccessSocketOperation.swift; sourceTree = "<group>"; };
		B3CA704820F5358400511F6A /* BlockDataSocketOperation.swift */ = {isa = PBXFileReference; lastKnownFileType = sourcecode.swift; path = BlockDataSocketOperation.swift; sourceTree = "<group>"; };
		B3CA704A20F5363F00511F6A /* FullAccountSocketOperation.swift */ = {isa = PBXFileReference; lastKnownFileType = sourcecode.swift; path = FullAccountSocketOperation.swift; sourceTree = "<group>"; };
		B3CA704C20F53A4500511F6A /* GetAccountHistorySocketOperation.swift */ = {isa = PBXFileReference; lastKnownFileType = sourcecode.swift; path = GetAccountHistorySocketOperation.swift; sourceTree = "<group>"; };
/* End PBXFileReference section */

/* Begin PBXFrameworksBuildPhase section */
		B31CB19C20F3772C00FA5532 /* Frameworks */ = {
			isa = PBXFrameworksBuildPhase;
			buildActionMask = 2147483647;
			files = (
				B356019620F38D170097FD38 /* BitcoinKit.framework in Frameworks */,
			);
			runOnlyForDeploymentPostprocessing = 0;
		};
/* End PBXFrameworksBuildPhase section */

/* Begin PBXGroup section */
		B31CB19620F3772C00FA5532 = {
			isa = PBXGroup;
			children = (
				B31CB1A220F3772C00FA5532 /* ECHO */,
				B31CB1A120F3772C00FA5532 /* Products */,
				B356019520F38D170097FD38 /* Frameworks */,
			);
			sourceTree = "<group>";
		};
		B31CB1A120F3772C00FA5532 /* Products */ = {
			isa = PBXGroup;
			children = (
				B31CB1A020F3772C00FA5532 /* ECHO.framework */,
			);
			name = Products;
			sourceTree = "<group>";
		};
		B31CB1A220F3772C00FA5532 /* ECHO */ = {
			isa = PBXGroup;
			children = (
				B3CA702120F4A3CA00511F6A /* Core */,
				B31CB1A320F3772C00FA5532 /* ECHO.h */,
				B31CB1A420F3772C00FA5532 /* Info.plist */,
				B3CA702220F4A3D200511F6A /* Supports Files */,
			);
			path = ECHO;
			sourceTree = "<group>";
		};
		B356019520F38D170097FD38 /* Frameworks */ = {
			isa = PBXGroup;
			children = (
				B356019320F38CB50097FD38 /* BitcoinKit.framework */,
			);
			name = Frameworks;
			sourceTree = "<group>";
		};
		B3CA702120F4A3CA00511F6A /* Core */ = {
			isa = PBXGroup;
			children = (
				B3CA702420F4A3F800511F6A /* Facades */,
				B3CA703220F4A4B600511F6A /* Core Components */,
				B3CA703120F4A4B000511F6A /* Services */,
				B3CA702320F4A3EB00511F6A /* Interface */,
				B3CA703D20F4CA1500511F6A /* Classes */,
			);
			path = Core;
			sourceTree = "<group>";
		};
		B3CA702220F4A3D200511F6A /* Supports Files */ = {
			isa = PBXGroup;
			children = (
			);
			path = "Supports Files";
			sourceTree = "<group>";
		};
		B3CA702320F4A3EB00511F6A /* Interface */ = {
			isa = PBXGroup;
			children = (
				B3CA701F20F4A3A900511F6A /* ECHO.swift */,
			);
			path = Interface;
			sourceTree = "<group>";
		};
		B3CA702420F4A3F800511F6A /* Facades */ = {
			isa = PBXGroup;
			children = (
				B3CA702520F4A40600511F6A /* Implementations */,
				B3CA702620F4A41300511F6A /* Protocols */,
			);
			path = Facades;
			sourceTree = "<group>";
		};
		B3CA702520F4A40600511F6A /* Implementations */ = {
			isa = PBXGroup;
			children = (
			);
			path = Implementations;
			sourceTree = "<group>";
		};
		B3CA702620F4A41300511F6A /* Protocols */ = {
			isa = PBXGroup;
			children = (
				B3CA702720F4A43000511F6A /* AuthentificationFacade.swift */,
				B3CA702920F4A44900511F6A /* InformationFacade.swift */,
				B3CA702B20F4A45400511F6A /* TransactionFacade.swift */,
				B3CA702D20F4A46200511F6A /* SubscriptionFacade.swift */,
				B3CA702F20F4A46E00511F6A /* FeeFacade.swift */,
			);
			path = Protocols;
			sourceTree = "<group>";
		};
		B3CA703120F4A4B000511F6A /* Services */ = {
			isa = PBXGroup;
			children = (
				B3CA703520F4A4F200511F6A /* Implementations */,
				B3CA703420F4A4E600511F6A /* Protocols */,
			);
			path = Services;
			sourceTree = "<group>";
		};
		B3CA703220F4A4B600511F6A /* Core Components */ = {
			isa = PBXGroup;
			children = (
				B3CA703620F4A4F700511F6A /* Implementations */,
				B3CA703320F4A4DC00511F6A /* Protocols */,
			);
			path = "Core Components";
			sourceTree = "<group>";
		};
		B3CA703320F4A4DC00511F6A /* Protocols */ = {
			isa = PBXGroup;
			children = (
			);
			path = Protocols;
			sourceTree = "<group>";
		};
		B3CA703420F4A4E600511F6A /* Protocols */ = {
			isa = PBXGroup;
			children = (
			);
			path = Protocols;
			sourceTree = "<group>";
		};
		B3CA703520F4A4F200511F6A /* Implementations */ = {
			isa = PBXGroup;
			children = (
			);
			path = Implementations;
			sourceTree = "<group>";
		};
		B3CA703620F4A4F700511F6A /* Implementations */ = {
			isa = PBXGroup;
			children = (
			);
			path = Implementations;
			sourceTree = "<group>";
		};
		B3CA703D20F4CA1500511F6A /* Classes */ = {
			isa = PBXGroup;
			children = (
				B3CA704320F532AA00511F6A /* SocketOperation */,
				B35F15A920F3ABAE000CE3EA /* ObjectType.swift */,
				B3B04C6020F3B2CE003BBD9E /* GrapheneObject.swift */,
				B3CA701D20F49C6800511F6A /* ReslutHandler.swift */,
				B3CA703720F4A72C00511F6A /* Error.swift */,
				B3CA703920F4A7C300511F6A /* UserAccount.swift */,
				B3CA703B20F4AA3700511F6A /* HistoryItem.swift */,
				B3CA703F20F4FB0200511F6A /* ECHOSerializable.swift */,
				B38596F920F6003500B55E59 /* AssetAmount.swift */,
				B38596FB20F6005500B55E59 /* Price.swift */,
				B38596FD20F6009A00B55E59 /* Asset.swift */,
				B385970120F620B700B55E59 /* AssetOptions.swift */,
				B385970320F6270000B55E59 /* ECHOObject.swift */,
			);
			path = Classes;
			sourceTree = "<group>";
		};
		B3CA704320F532AA00511F6A /* SocketOperation */ = {
			isa = PBXGroup;
			children = (
				B3CA704120F502BE00511F6A /* SocketOperation.swift */,
				B3CA704420F532BE00511F6A /* BaseSocketOperation.swift */,
				B3CA704620F532E600511F6A /* AccessSocketOperation.swift */,
				B3CA704820F5358400511F6A /* BlockDataSocketOperation.swift */,
				B3CA704A20F5363F00511F6A /* FullAccountSocketOperation.swift */,
				B3CA704C20F53A4500511F6A /* GetAccountHistorySocketOperation.swift */,
				B38596E920F5ECBA00B55E59 /* GetAssetsSocketOperation.swift */,
				B38596EB20F5ED6000B55E59 /* GetBlockSocketOperation.swift */,
				B38596ED20F5ED9A00B55E59 /* GetChainIdSocketOperation.swift */,
				B38596EF20F5EDCD00B55E59 /* GetContractResultSocketOperation.swift */,
				B38596F120F5EE1400B55E59 /* GetObjectsSocketOperation.swift */,
				B38596F320F5EE5C00B55E59 /* KeyReferencesSocketOperation.swift */,
				B38596F520F5EEAC00B55E59 /* RequiredFeeSocketOperation.swift */,
				B38596F720F5F54100B55E59 /* SetSubscribeCallbackSocketOperation.swift */,
			);
			path = SocketOperation;
			sourceTree = "<group>";
		};
/* End PBXGroup section */

/* Begin PBXHeadersBuildPhase section */
		B31CB19D20F3772C00FA5532 /* Headers */ = {
			isa = PBXHeadersBuildPhase;
			buildActionMask = 2147483647;
			files = (
				B31CB1A520F3772C00FA5532 /* ECHO.h in Headers */,
			);
			runOnlyForDeploymentPostprocessing = 0;
		};
/* End PBXHeadersBuildPhase section */

/* Begin PBXNativeTarget section */
		B31CB19F20F3772C00FA5532 /* ECHO */ = {
			isa = PBXNativeTarget;
			buildConfigurationList = B31CB1A820F3772C00FA5532 /* Build configuration list for PBXNativeTarget "ECHO" */;
			buildPhases = (
				B31CB19B20F3772C00FA5532 /* Sources */,
				B31CB19C20F3772C00FA5532 /* Frameworks */,
				B31CB19D20F3772C00FA5532 /* Headers */,
				B31CB19E20F3772C00FA5532 /* Resources */,
				B356019820F38D330097FD38 /* CopyFiles */,
				B356019F20F39F4B0097FD38 /* ShellScript */,
			);
			buildRules = (
			);
			dependencies = (
			);
			name = ECHO;
			productName = ECHO;
			productReference = B31CB1A020F3772C00FA5532 /* ECHO.framework */;
			productType = "com.apple.product-type.framework";
		};
/* End PBXNativeTarget section */

/* Begin PBXProject section */
		B31CB19720F3772C00FA5532 /* Project object */ = {
			isa = PBXProject;
			attributes = {
				LastUpgradeCheck = 0940;
				ORGANIZATIONNAME = PixelPlex;
				TargetAttributes = {
					B31CB19F20F3772C00FA5532 = {
						CreatedOnToolsVersion = 9.4.1;
						LastSwiftMigration = 0940;
					};
					B31CB1AD20F377AC00FA5532 = {
						CreatedOnToolsVersion = 9.4.1;
					};
				};
			};
			buildConfigurationList = B31CB19A20F3772C00FA5532 /* Build configuration list for PBXProject "ECHO" */;
			compatibilityVersion = "Xcode 9.3";
			developmentRegion = en;
			hasScannedForEncodings = 0;
			knownRegions = (
				en,
			);
			mainGroup = B31CB19620F3772C00FA5532;
			productRefGroup = B31CB1A120F3772C00FA5532 /* Products */;
			projectDirPath = "";
			projectRoot = "";
			targets = (
				B31CB19F20F3772C00FA5532 /* ECHO */,
				B31CB1AD20F377AC00FA5532 /* UniversalECHO */,
			);
		};
/* End PBXProject section */

/* Begin PBXResourcesBuildPhase section */
		B31CB19E20F3772C00FA5532 /* Resources */ = {
			isa = PBXResourcesBuildPhase;
			buildActionMask = 2147483647;
			files = (
			);
			runOnlyForDeploymentPostprocessing = 0;
		};
/* End PBXResourcesBuildPhase section */

/* Begin PBXShellScriptBuildPhase section */
		B31CB1B120F377BE00FA5532 /* ShellScript */ = {
			isa = PBXShellScriptBuildPhase;
			buildActionMask = 2147483647;
			files = (
			);
			inputPaths = (
			);
			outputPaths = (
			);
			runOnlyForDeploymentPostprocessing = 0;
			shellPath = /bin/sh;
			shellScript = "#!/bin/sh\nUNIVERSAL_OUTPUTFOLDER=${BUILD_DIR}/${CONFIGURATION}-universal\n# make sure the output directory exists\nmkdir -p \"${UNIVERSAL_OUTPUTFOLDER}\"\n# Step 1. Build Device and Simulator versions. This also include the full bitcode generation of framework\nxcodebuild BITCODE_GENERATION_MODE=bitcode OTHER_CFLAGS=\"-fembed-bitcode\" -target \"${PROJECT_NAME}\" ONLY_ACTIVE_ARCH=NO -configuration ${CONFIGURATION} -sdk iphoneos BUILD_DIR=\"${BUILD_DIR}\" BUILD_ROOT=\"${BUILD_ROOT}\" clean build\nxcodebuild BITCODE_GENERATION_MODE=bitcode OTHER_CFLAGS=\"-fembed-bitcode\" -target \"${PROJECT_NAME}\" ONLY_ACTIVE_ARCH=NO -configuration ${CONFIGURATION} -sdk iphonesimulator BUILD_DIR=\"${BUILD_DIR}\" BUILD_ROOT=\"${BUILD_ROOT}\" clean build\n# Step 2. Copy the framework structure (from iphoneos build) to the universal folder\ncp -R \"${BUILD_DIR}/${CONFIGURATION}-iphoneos/${PROJECT_NAME}.framework\" \"${UNIVERSAL_OUTPUTFOLDER}/\"\n# Step 3. Copy Swift modules (from iphonesimulator build) to the copied framework directory\ncp -R \"${BUILD_DIR}/${CONFIGURATION}-iphonesimulator/${PROJECT_NAME}.framework/Modules/${PROJECT_NAME}.swiftmodule/.\" \"${UNIVERSAL_OUTPUTFOLDER}/${PROJECT_NAME}.framework/Modules/${PROJECT_NAME}.swiftmodule\"\n# Step 4. Create universal binary file using lipo and place the combined executable in the copied framework directory\nlipo -create -output \"${UNIVERSAL_OUTPUTFOLDER}/${PROJECT_NAME}.framework/${PROJECT_NAME}\" \"${BUILD_DIR}/${CONFIGURATION}-iphonesimulator/${PROJECT_NAME}.framework/${PROJECT_NAME}\" \"${BUILD_DIR}/${CONFIGURATION}-iphoneos/${PROJECT_NAME}.framework/${PROJECT_NAME}\"\n# Step 5. Convenience step to copy the framework to the project's directory\ncp -R \"${UNIVERSAL_OUTPUTFOLDER}/${PROJECT_NAME}.framework\" \"${PROJECT_DIR}\"\n# Step 6. Convenience step to open the project's directory in Finder\nopen \"${PROJECT_DIR}\"";
		};
		B356019F20F39F4B0097FD38 /* ShellScript */ = {
			isa = PBXShellScriptBuildPhase;
			buildActionMask = 2147483647;
			files = (
			);
			inputPaths = (
			);
			outputPaths = (
			);
			runOnlyForDeploymentPostprocessing = 0;
			shellPath = /bin/sh;
			shellScript = "if which swiftlint >/dev/null; then\nswiftlint\nelse\necho \"error: SwiftLint does not exist, download it from https://github.com/realm/SwiftLint\"\nexit 1\nfi";
		};
/* End PBXShellScriptBuildPhase section */

/* Begin PBXSourcesBuildPhase section */
		B31CB19B20F3772C00FA5532 /* Sources */ = {
			isa = PBXSourcesBuildPhase;
			buildActionMask = 2147483647;
			files = (
				B3CA704220F502BE00511F6A /* SocketOperation.swift in Sources */,
				B385970420F6270000B55E59 /* ECHOObject.swift in Sources */,
				B3CA702A20F4A44900511F6A /* InformationFacade.swift in Sources */,
				B3CA704720F532E600511F6A /* AccessSocketOperation.swift in Sources */,
				B3CA704020F4FB0200511F6A /* ECHOSerializable.swift in Sources */,
				B3CA702820F4A43000511F6A /* AuthentificationFacade.swift in Sources */,
				B3CA704520F532BE00511F6A /* BaseSocketOperation.swift in Sources */,
				B3CA702020F4A3A900511F6A /* ECHO.swift in Sources */,
				B3CA704D20F53A4500511F6A /* GetAccountHistorySocketOperation.swift in Sources */,
				B38596FA20F6003500B55E59 /* AssetAmount.swift in Sources */,
				B38596EE20F5ED9A00B55E59 /* GetChainIdSocketOperation.swift in Sources */,
				B3B04C6120F3B2CE003BBD9E /* GrapheneObject.swift in Sources */,
				B38596EC20F5ED6000B55E59 /* GetBlockSocketOperation.swift in Sources */,
				B38596FE20F6009A00B55E59 /* Asset.swift in Sources */,
				B38596F820F5F54100B55E59 /* SetSubscribeCallbackSocketOperation.swift in Sources */,
				B38596F020F5EDCD00B55E59 /* GetContractResultSocketOperation.swift in Sources */,
				B3CA703A20F4A7C300511F6A /* UserAccount.swift in Sources */,
				B3CA703C20F4AA3700511F6A /* HistoryItem.swift in Sources */,
				B38596F620F5EEAC00B55E59 /* RequiredFeeSocketOperation.swift in Sources */,
				B3CA702E20F4A46200511F6A /* SubscriptionFacade.swift in Sources */,
				B3CA703020F4A46E00511F6A /* FeeFacade.swift in Sources */,
				B3CA701E20F49C6800511F6A /* ReslutHandler.swift in Sources */,
				B3CA702C20F4A45400511F6A /* TransactionFacade.swift in Sources */,
				B3CA704B20F5363F00511F6A /* FullAccountSocketOperation.swift in Sources */,
				B385970220F620B700B55E59 /* AssetOptions.swift in Sources */,
				B38596F420F5EE5C00B55E59 /* KeyReferencesSocketOperation.swift in Sources */,
				B3CA703820F4A72C00511F6A /* Error.swift in Sources */,
				B3CA704920F5358400511F6A /* BlockDataSocketOperation.swift in Sources */,
				B38596EA20F5ECBA00B55E59 /* GetAssetsSocketOperation.swift in Sources */,
				B38596FC20F6005500B55E59 /* Price.swift in Sources */,
				B38596F220F5EE1400B55E59 /* GetObjectsSocketOperation.swift in Sources */,
				B35F15AA20F3ABAE000CE3EA /* ObjectType.swift in Sources */,
			);
			runOnlyForDeploymentPostprocessing = 0;
		};
/* End PBXSourcesBuildPhase section */

/* Begin XCBuildConfiguration section */
		B31CB1A620F3772C00FA5532 /* Debug */ = {
			isa = XCBuildConfiguration;
			buildSettings = {
				ALWAYS_SEARCH_USER_PATHS = NO;
				CLANG_ANALYZER_NONNULL = YES;
				CLANG_ANALYZER_NUMBER_OBJECT_CONVERSION = YES_AGGRESSIVE;
				CLANG_CXX_LANGUAGE_STANDARD = "gnu++14";
				CLANG_CXX_LIBRARY = "libc++";
				CLANG_ENABLE_MODULES = YES;
				CLANG_ENABLE_OBJC_ARC = YES;
				CLANG_ENABLE_OBJC_WEAK = YES;
				CLANG_WARN_BLOCK_CAPTURE_AUTORELEASING = YES;
				CLANG_WARN_BOOL_CONVERSION = YES;
				CLANG_WARN_COMMA = YES;
				CLANG_WARN_CONSTANT_CONVERSION = YES;
				CLANG_WARN_DEPRECATED_OBJC_IMPLEMENTATIONS = YES;
				CLANG_WARN_DIRECT_OBJC_ISA_USAGE = YES_ERROR;
				CLANG_WARN_DOCUMENTATION_COMMENTS = YES;
				CLANG_WARN_EMPTY_BODY = YES;
				CLANG_WARN_ENUM_CONVERSION = YES;
				CLANG_WARN_INFINITE_RECURSION = YES;
				CLANG_WARN_INT_CONVERSION = YES;
				CLANG_WARN_NON_LITERAL_NULL_CONVERSION = YES;
				CLANG_WARN_OBJC_IMPLICIT_RETAIN_SELF = YES;
				CLANG_WARN_OBJC_LITERAL_CONVERSION = YES;
				CLANG_WARN_OBJC_ROOT_CLASS = YES_ERROR;
				CLANG_WARN_RANGE_LOOP_ANALYSIS = YES;
				CLANG_WARN_STRICT_PROTOTYPES = YES;
				CLANG_WARN_SUSPICIOUS_MOVE = YES;
				CLANG_WARN_UNGUARDED_AVAILABILITY = YES_AGGRESSIVE;
				CLANG_WARN_UNREACHABLE_CODE = YES;
				CLANG_WARN__DUPLICATE_METHOD_MATCH = YES;
				CODE_SIGN_IDENTITY = "iPhone Developer";
				COPY_PHASE_STRIP = NO;
				CURRENT_PROJECT_VERSION = 1;
				DEBUG_INFORMATION_FORMAT = dwarf;
				ENABLE_STRICT_OBJC_MSGSEND = YES;
				ENABLE_TESTABILITY = YES;
				GCC_C_LANGUAGE_STANDARD = gnu11;
				GCC_DYNAMIC_NO_PIC = NO;
				GCC_NO_COMMON_BLOCKS = YES;
				GCC_OPTIMIZATION_LEVEL = 0;
				GCC_PREPROCESSOR_DEFINITIONS = (
					"DEBUG=1",
					"$(inherited)",
				);
				GCC_WARN_64_TO_32_BIT_CONVERSION = YES;
				GCC_WARN_ABOUT_RETURN_TYPE = YES_ERROR;
				GCC_WARN_UNDECLARED_SELECTOR = YES;
				GCC_WARN_UNINITIALIZED_AUTOS = YES_AGGRESSIVE;
				GCC_WARN_UNUSED_FUNCTION = YES;
				GCC_WARN_UNUSED_VARIABLE = YES;
				IPHONEOS_DEPLOYMENT_TARGET = 11.4;
				MTL_ENABLE_DEBUG_INFO = YES;
				ONLY_ACTIVE_ARCH = YES;
				SDKROOT = iphoneos;
				SWIFT_ACTIVE_COMPILATION_CONDITIONS = DEBUG;
				SWIFT_OPTIMIZATION_LEVEL = "-Onone";
				VERSIONING_SYSTEM = "apple-generic";
				VERSION_INFO_PREFIX = "";
			};
			name = Debug;
		};
		B31CB1A720F3772C00FA5532 /* Release */ = {
			isa = XCBuildConfiguration;
			buildSettings = {
				ALWAYS_SEARCH_USER_PATHS = NO;
				CLANG_ANALYZER_NONNULL = YES;
				CLANG_ANALYZER_NUMBER_OBJECT_CONVERSION = YES_AGGRESSIVE;
				CLANG_CXX_LANGUAGE_STANDARD = "gnu++14";
				CLANG_CXX_LIBRARY = "libc++";
				CLANG_ENABLE_MODULES = YES;
				CLANG_ENABLE_OBJC_ARC = YES;
				CLANG_ENABLE_OBJC_WEAK = YES;
				CLANG_WARN_BLOCK_CAPTURE_AUTORELEASING = YES;
				CLANG_WARN_BOOL_CONVERSION = YES;
				CLANG_WARN_COMMA = YES;
				CLANG_WARN_CONSTANT_CONVERSION = YES;
				CLANG_WARN_DEPRECATED_OBJC_IMPLEMENTATIONS = YES;
				CLANG_WARN_DIRECT_OBJC_ISA_USAGE = YES_ERROR;
				CLANG_WARN_DOCUMENTATION_COMMENTS = YES;
				CLANG_WARN_EMPTY_BODY = YES;
				CLANG_WARN_ENUM_CONVERSION = YES;
				CLANG_WARN_INFINITE_RECURSION = YES;
				CLANG_WARN_INT_CONVERSION = YES;
				CLANG_WARN_NON_LITERAL_NULL_CONVERSION = YES;
				CLANG_WARN_OBJC_IMPLICIT_RETAIN_SELF = YES;
				CLANG_WARN_OBJC_LITERAL_CONVERSION = YES;
				CLANG_WARN_OBJC_ROOT_CLASS = YES_ERROR;
				CLANG_WARN_RANGE_LOOP_ANALYSIS = YES;
				CLANG_WARN_STRICT_PROTOTYPES = YES;
				CLANG_WARN_SUSPICIOUS_MOVE = YES;
				CLANG_WARN_UNGUARDED_AVAILABILITY = YES_AGGRESSIVE;
				CLANG_WARN_UNREACHABLE_CODE = YES;
				CLANG_WARN__DUPLICATE_METHOD_MATCH = YES;
				CODE_SIGN_IDENTITY = "iPhone Developer";
				COPY_PHASE_STRIP = NO;
				CURRENT_PROJECT_VERSION = 1;
				DEBUG_INFORMATION_FORMAT = "dwarf-with-dsym";
				ENABLE_NS_ASSERTIONS = NO;
				ENABLE_STRICT_OBJC_MSGSEND = YES;
				GCC_C_LANGUAGE_STANDARD = gnu11;
				GCC_NO_COMMON_BLOCKS = YES;
				GCC_WARN_64_TO_32_BIT_CONVERSION = YES;
				GCC_WARN_ABOUT_RETURN_TYPE = YES_ERROR;
				GCC_WARN_UNDECLARED_SELECTOR = YES;
				GCC_WARN_UNINITIALIZED_AUTOS = YES_AGGRESSIVE;
				GCC_WARN_UNUSED_FUNCTION = YES;
				GCC_WARN_UNUSED_VARIABLE = YES;
				IPHONEOS_DEPLOYMENT_TARGET = 11.4;
				MTL_ENABLE_DEBUG_INFO = NO;
				SDKROOT = iphoneos;
				SWIFT_COMPILATION_MODE = wholemodule;
				SWIFT_OPTIMIZATION_LEVEL = "-O";
				VALIDATE_PRODUCT = YES;
				VERSIONING_SYSTEM = "apple-generic";
				VERSION_INFO_PREFIX = "";
			};
			name = Release;
		};
		B31CB1A920F3772C00FA5532 /* Debug */ = {
			isa = XCBuildConfiguration;
			buildSettings = {
				CLANG_ENABLE_MODULES = YES;
				CODE_SIGN_IDENTITY = "";
				CODE_SIGN_STYLE = Automatic;
				DEFINES_MODULE = YES;
				DEVELOPMENT_TEAM = Q7Q43CUMWT;
				DYLIB_COMPATIBILITY_VERSION = 1;
				DYLIB_CURRENT_VERSION = 1;
				DYLIB_INSTALL_NAME_BASE = "@rpath";
				FRAMEWORK_SEARCH_PATHS = (
					"$(inherited)",
					"$(PROJECT_DIR)",
				);
				INFOPLIST_FILE = ECHO/Info.plist;
				INSTALL_PATH = "$(LOCAL_LIBRARY_DIR)/Frameworks";
				IPHONEOS_DEPLOYMENT_TARGET = 9.0;
				LD_RUNPATH_SEARCH_PATHS = (
					"$(inherited)",
					"@executable_path/Frameworks",
					"@loader_path/Frameworks",
				);
				PRODUCT_BUNDLE_IDENTIFIER = com.pixelplex.ECHO;
				PRODUCT_NAME = "$(TARGET_NAME:c99extidentifier)";
				SKIP_INSTALL = YES;
				SWIFT_OPTIMIZATION_LEVEL = "-Onone";
				SWIFT_VERSION = 4.0;
				TARGETED_DEVICE_FAMILY = "1,2";
			};
			name = Debug;
		};
		B31CB1AA20F3772C00FA5532 /* Release */ = {
			isa = XCBuildConfiguration;
			buildSettings = {
				CLANG_ENABLE_MODULES = YES;
				CODE_SIGN_IDENTITY = "";
				CODE_SIGN_STYLE = Automatic;
				DEFINES_MODULE = YES;
				DEVELOPMENT_TEAM = Q7Q43CUMWT;
				DYLIB_COMPATIBILITY_VERSION = 1;
				DYLIB_CURRENT_VERSION = 1;
				DYLIB_INSTALL_NAME_BASE = "@rpath";
				FRAMEWORK_SEARCH_PATHS = (
					"$(inherited)",
					"$(PROJECT_DIR)",
				);
				INFOPLIST_FILE = ECHO/Info.plist;
				INSTALL_PATH = "$(LOCAL_LIBRARY_DIR)/Frameworks";
				IPHONEOS_DEPLOYMENT_TARGET = 9.0;
				LD_RUNPATH_SEARCH_PATHS = (
					"$(inherited)",
					"@executable_path/Frameworks",
					"@loader_path/Frameworks",
				);
				PRODUCT_BUNDLE_IDENTIFIER = com.pixelplex.ECHO;
				PRODUCT_NAME = "$(TARGET_NAME:c99extidentifier)";
				SKIP_INSTALL = YES;
				SWIFT_VERSION = 4.0;
				TARGETED_DEVICE_FAMILY = "1,2";
			};
			name = Release;
		};
		B31CB1AF20F377AC00FA5532 /* Debug */ = {
			isa = XCBuildConfiguration;
			buildSettings = {
				CODE_SIGN_STYLE = Automatic;
				DEVELOPMENT_TEAM = Q7Q43CUMWT;
				OTHER_CFLAGS = "-fembed-bitcode";
				PRODUCT_NAME = "$(TARGET_NAME)";
			};
			name = Debug;
		};
		B31CB1B020F377AC00FA5532 /* Release */ = {
			isa = XCBuildConfiguration;
			buildSettings = {
				CODE_SIGN_STYLE = Automatic;
				DEVELOPMENT_TEAM = Q7Q43CUMWT;
				OTHER_CFLAGS = "-fembed-bitcode";
				PRODUCT_NAME = "$(TARGET_NAME)";
			};
			name = Release;
		};
/* End XCBuildConfiguration section */

/* Begin XCConfigurationList section */
		B31CB19A20F3772C00FA5532 /* Build configuration list for PBXProject "ECHO" */ = {
			isa = XCConfigurationList;
			buildConfigurations = (
				B31CB1A620F3772C00FA5532 /* Debug */,
				B31CB1A720F3772C00FA5532 /* Release */,
			);
			defaultConfigurationIsVisible = 0;
			defaultConfigurationName = Release;
		};
		B31CB1A820F3772C00FA5532 /* Build configuration list for PBXNativeTarget "ECHO" */ = {
			isa = XCConfigurationList;
			buildConfigurations = (
				B31CB1A920F3772C00FA5532 /* Debug */,
				B31CB1AA20F3772C00FA5532 /* Release */,
			);
			defaultConfigurationIsVisible = 0;
			defaultConfigurationName = Release;
		};
		B31CB1AE20F377AC00FA5532 /* Build configuration list for PBXAggregateTarget "UniversalECHO" */ = {
			isa = XCConfigurationList;
			buildConfigurations = (
				B31CB1AF20F377AC00FA5532 /* Debug */,
				B31CB1B020F377AC00FA5532 /* Release */,
			);
			defaultConfigurationIsVisible = 0;
			defaultConfigurationName = Release;
		};
/* End XCConfigurationList section */
	};
	rootObject = B31CB19720F3772C00FA5532 /* Project object */;
}
